{
  "version": 4,
  "terraform_version": "1.5.5",
  "serial": 24,
  "lineage": "9e4d9a5c-5d2d-5de1-cef0-bba0f6bcddda",
  "outputs": {},
  "resources": [
    {
      "mode": "data",
      "type": "aws_vpc",
      "name": "vpc",
      "provider": "provider[\"registry.terraform.io/hashicorp/aws\"]",
      "instances": [
        {
          "schema_version": 0,
          "attributes": {
            "arn": "arn:aws:ec2:us-west-2:025118453985:vpc/vpc-0d2acf34e6676467f",
            "cidr_block": "10.0.0.0/16",
            "cidr_block_associations": [
              {
                "association_id": "vpc-cidr-assoc-0d3d38cc1841587a9",
                "cidr_block": "10.0.0.0/16",
                "state": "associated"
              }
            ],
            "default": false,
            "dhcp_options_id": "dopt-000ee9e4d3c9a3f92",
            "enable_dns_hostnames": true,
            "enable_dns_support": true,
            "enable_network_address_usage_metrics": false,
            "filter": [
              {
                "name": "tag:Name",
                "values": [
                  "eks-jam-gitops"
                ]
              }
            ],
            "id": "vpc-0d2acf34e6676467f",
            "instance_tenancy": "default",
            "ipv6_association_id": "",
            "ipv6_cidr_block": "",
            "main_route_table_id": "rtb-050ae8e9a8002a998",
            "owner_id": "025118453985",
            "state": null,
            "tags": {
              "Blueprint": "eks-jam-gitops",
              "GithubRepo": "github.com/aws-ia/terraform-aws-eks-blueprints",
              "Name": "eks-jam-gitops"
            },
            "timeouts": null
          },
          "sensitive_attributes": []
        }
      ]
    },
    {
      "module": "module.eks-blue",
      "mode": "data",
      "type": "aws_caller_identity",
      "name": "current",
      "provider": "provider[\"registry.terraform.io/hashicorp/aws\"]",
      "instances": [
        {
          "schema_version": 0,
          "attributes": {
            "account_id": "025118453985",
            "arn": "arn:aws:sts::025118453985:assumed-role/workshop-stack-Cloud9Stack-1V46I4-EksWorkshopC9Role-RfrXcaYFNQZu/i-0126e913f606f562d",
            "id": "025118453985",
            "user_id": "AROAQLWJNGDQ4R5MHSCVY:i-0126e913f606f562d"
          },
          "sensitive_attributes": []
        }
      ]
    },
    {
      "module": "module.eks-blue",
      "mode": "data",
      "type": "aws_subnets",
      "name": "private",
      "provider": "provider[\"registry.terraform.io/hashicorp/aws\"]",
      "instances": [
        {
          "schema_version": 0,
          "attributes": {
            "filter": [
              {
                "name": "tag:Name",
                "values": [
                  "eks-jam-gitops-private-*"
                ]
              }
            ],
            "id": "us-west-2",
            "ids": [
              "subnet-0cb05d8f519aaa190",
              "subnet-009247e59c53bbe52",
              "subnet-09f9abd3869edad56"
            ],
            "tags": null,
            "timeouts": null
          },
          "sensitive_attributes": []
        }
      ]
    },
    {
      "module": "module.eks-blue.module.eks",
      "mode": "data",
      "type": "aws_caller_identity",
      "name": "current",
      "provider": "provider[\"registry.terraform.io/hashicorp/aws\"]",
      "instances": [
        {
          "schema_version": 0,
          "attributes": {
            "account_id": "025118453985",
            "arn": "arn:aws:sts::025118453985:assumed-role/workshop-stack-Cloud9Stack-1V46I4-EksWorkshopC9Role-RfrXcaYFNQZu/i-0126e913f606f562d",
            "id": "025118453985",
            "user_id": "AROAQLWJNGDQ4R5MHSCVY:i-0126e913f606f562d"
          },
          "sensitive_attributes": []
        }
      ]
    },
    {
      "module": "module.eks-blue.module.eks",
      "mode": "data",
      "type": "aws_eks_addon_version",
      "name": "this",
      "provider": "provider[\"registry.terraform.io/hashicorp/aws\"]",
      "instances": [
        {
          "index_key": "vpc-cni",
          "schema_version": 0,
          "attributes": {
            "addon_name": "vpc-cni",
            "id": "vpc-cni",
            "kubernetes_version": "1.28",
            "most_recent": true,
            "version": "v1.17.1-eksbuild.1"
          },
          "sensitive_attributes": []
        }
      ]
    },
    {
      "module": "module.eks-blue.module.eks",
      "mode": "data",
      "type": "aws_iam_policy_document",
      "name": "assume_role_policy",
      "provider": "provider[\"registry.terraform.io/hashicorp/aws\"]",
      "instances": [
        {
          "index_key": 0,
          "schema_version": 0,
          "attributes": {
            "id": "2764486067",
            "json": "{\n  \"Version\": \"2012-10-17\",\n  \"Statement\": [\n    {\n      \"Sid\": \"EKSClusterAssumeRole\",\n      \"Effect\": \"Allow\",\n      \"Action\": \"sts:AssumeRole\",\n      \"Principal\": {\n        \"Service\": \"eks.amazonaws.com\"\n      }\n    }\n  ]\n}",
            "override_json": null,
            "override_policy_documents": null,
            "policy_id": null,
            "source_json": null,
            "source_policy_documents": null,
            "statement": [
              {
                "actions": [
                  "sts:AssumeRole"
                ],
                "condition": [],
                "effect": "Allow",
                "not_actions": [],
                "not_principals": [],
                "not_resources": [],
                "principals": [
                  {
                    "identifiers": [
                      "eks.amazonaws.com"
                    ],
                    "type": "Service"
                  }
                ],
                "resources": [],
                "sid": "EKSClusterAssumeRole"
              }
            ],
            "version": "2012-10-17"
          },
          "sensitive_attributes": []
        }
      ]
    },
    {
      "module": "module.eks-blue.module.eks",
      "mode": "data",
      "type": "aws_iam_session_context",
      "name": "current",
      "provider": "provider[\"registry.terraform.io/hashicorp/aws\"]",
      "instances": [
        {
          "schema_version": 0,
          "attributes": {
            "arn": "arn:aws:sts::025118453985:assumed-role/workshop-stack-Cloud9Stack-1V46I4-EksWorkshopC9Role-RfrXcaYFNQZu/i-0126e913f606f562d",
            "id": "arn:aws:sts::025118453985:assumed-role/workshop-stack-Cloud9Stack-1V46I4-EksWorkshopC9Role-RfrXcaYFNQZu/i-0126e913f606f562d",
            "issuer_arn": "arn:aws:iam::025118453985:role/workshop-stack-Cloud9Stack-1V46I4-EksWorkshopC9Role-RfrXcaYFNQZu",
            "issuer_id": "AROAQLWJNGDQ4R5MHSCVY",
            "issuer_name": "workshop-stack-Cloud9Stack-1V46I4-EksWorkshopC9Role-RfrXcaYFNQZu",
            "session_name": "i-0126e913f606f562d"
          },
          "sensitive_attributes": []
        }
      ]
    },
    {
      "module": "module.eks-blue.module.eks",
      "mode": "data",
      "type": "aws_partition",
      "name": "current",
      "provider": "provider[\"registry.terraform.io/hashicorp/aws\"]",
      "instances": [
        {
          "schema_version": 0,
          "attributes": {
            "dns_suffix": "amazonaws.com",
            "id": "aws",
            "partition": "aws",
            "reverse_dns_prefix": "com.amazonaws"
          },
          "sensitive_attributes": []
        }
      ]
    },
    {
      "module": "module.eks-blue.module.eks",
      "mode": "data",
      "type": "tls_certificate",
      "name": "this",
      "provider": "provider[\"registry.terraform.io/hashicorp/tls\"]",
      "instances": [
        {
          "index_key": 0,
          "schema_version": 0,
          "attributes": {
            "certificates": [
              {
                "cert_pem": "-----BEGIN CERTIFICATE-----\nMIIEdTCCA12gAwIBAgIJAKcOSkw0grd/MA0GCSqGSIb3DQEBCwUAMGgxCzAJBgNV\nBAYTAlVTMSUwIwYDVQQKExxTdGFyZmllbGQgVGVjaG5vbG9naWVzLCBJbmMuMTIw\nMAYDVQQLEylTdGFyZmllbGQgQ2xhc3MgMiBDZXJ0aWZpY2F0aW9uIEF1dGhvcml0\neTAeFw0wOTA5MDIwMDAwMDBaFw0zNDA2MjgxNzM5MTZaMIGYMQswCQYDVQQGEwJV\nUzEQMA4GA1UECBMHQXJpem9uYTETMBEGA1UEBxMKU2NvdHRzZGFsZTElMCMGA1UE\nChMcU3RhcmZpZWxkIFRlY2hub2xvZ2llcywgSW5jLjE7MDkGA1UEAxMyU3RhcmZp\nZWxkIFNlcnZpY2VzIFJvb3QgQ2VydGlmaWNhdGUgQXV0aG9yaXR5IC0gRzIwggEi\nMA0GCSqGSIb3DQEBAQUAA4IBDwAwggEKAoIBAQDVDDrEKvlO4vW+GZdfjohTsR8/\ny8+fIBNtKTrID30892t2OGPZNmCom15cAICyL1l/9of5JUOG52kbUpqQ4XHj2C0N\nTm/2yEnZtvMaVq4rtnQU68/7JuMauh2WLmo7WJSJR1b/JaCTcFOD2oR0FMNnngRo\nOt+OQFodSk7PQ5E751bWAHDLUu57fa4657wx+UX2wmDPE1kCK4DMNEffud6QZW0C\nzyyRpqbn3oUYSXxmTqM6bam17jQuug0DuDPfR+uxa40l2ZvOgdFFRjKWcIfeAg5J\nQ4W2bHO7ZOphQazJ1FTfhy/HIrImzJ9ZVGif/L4qL8RVHHVAYBeFAlU5i38FAgMB\nAAGjgfAwge0wDwYDVR0TAQH/BAUwAwEB/zAOBgNVHQ8BAf8EBAMCAYYwHQYDVR0O\nBBYEFJxfAN+qAdcwKziIorhtSpzyEZGDMB8GA1UdIwQYMBaAFL9ft9HO3R+G9FtV\nrNzXEMIOqYjnME8GCCsGAQUFBwEBBEMwQTAcBggrBgEFBQcwAYYQaHR0cDovL28u\nc3MyLnVzLzAhBggrBgEFBQcwAoYVaHR0cDovL3guc3MyLnVzL3guY2VyMCYGA1Ud\nHwQfMB0wG6AZoBeGFWh0dHA6Ly9zLnNzMi51cy9yLmNybDARBgNVHSAECjAIMAYG\nBFUdIAAwDQYJKoZIhvcNAQELBQADggEBACMd44pXyn3pF3lM8R5V/cxTbj5HD9/G\nVfKyBDbtgB9TxF00KGu+x1X8Z+rLP3+QsjPNG1gQggL4+C/1E2DUBc7xgQjB3ad1\nl08YuW3e95ORCLp+QCztweq7dp4zBncdDQh/U90bZKuCJ/Fp1U1ervShw3WnWEQt\n8jxwmKy6abaVd38PMV4s/KCHOkdp8Hlf9BRUpJVeEXgSYCfOn8J3/yNTd126/+pZ\n59vPr5KW7ySaNRB6nJHGDn2Z9j8Z3/VyVOEVqQdZe4O/Ui5GjLIAZHYcSNPYeehu\nVsyuLAOQ1xk4meTKCRlb/weWsKh/NEnfVqn3sF/tM+2MR7cwA130A4w=\n-----END CERTIFICATE-----\n",
                "is_ca": true,
                "issuer": "OU=Starfield Class 2 Certification Authority,O=Starfield Technologies\\, Inc.,C=US",
                "not_after": "2034-06-28T17:39:16Z",
                "not_before": "2009-09-02T00:00:00Z",
                "public_key_algorithm": "RSA",
                "serial_number": "12037640545166866303",
                "sha1_fingerprint": "9e99a48a9960b14926bb7f3b02e22da2b0ab7280",
                "signature_algorithm": "SHA256-RSA",
                "subject": "CN=Starfield Services Root Certificate Authority - G2,O=Starfield Technologies\\, Inc.,L=Scottsdale,ST=Arizona,C=US",
                "version": 3
              },
              {
                "cert_pem": "-----BEGIN CERTIFICATE-----\nMIIEkjCCA3qgAwIBAgITBn+USionzfP6wq4rAfkI7rnExjANBgkqhkiG9w0BAQsF\nADCBmDELMAkGA1UEBhMCVVMxEDAOBgNVBAgTB0FyaXpvbmExEzARBgNVBAcTClNj\nb3R0c2RhbGUxJTAjBgNVBAoTHFN0YXJmaWVsZCBUZWNobm9sb2dpZXMsIEluYy4x\nOzA5BgNVBAMTMlN0YXJmaWVsZCBTZXJ2aWNlcyBSb290IENlcnRpZmljYXRlIEF1\ndGhvcml0eSAtIEcyMB4XDTE1MDUyNTEyMDAwMFoXDTM3MTIzMTAxMDAwMFowOTEL\nMAkGA1UEBhMCVVMxDzANBgNVBAoTBkFtYXpvbjEZMBcGA1UEAxMQQW1hem9uIFJv\nb3QgQ0EgMTCCASIwDQYJKoZIhvcNAQEBBQADggEPADCCAQoCggEBALJ4gHHKeNXj\nca9HgFB0fW7Y14h29Jlo91ghYPl0hAEvrAIthtOgQ3pOsqTQNroBvo3bSMgHFzZM\n9O6II8c+6zf1tRn4SWiw3te5djgdYZ6k/oI2peVKVuRF4fn9tBb6dNqcmzU5L/qw\nIFAGbHrQgLKm+a/sRxmPUDgH3KKHOVj4utWp+UhnMJbulHheb4mjUcAwhmahRWa6\nVOujw5H5SNz/0egwLX0tdHA114gk957EWW67c4cX8jJGKLhD+rcdqsq08p8kDi1L\n93FcXmn/6pUCyziKrlA4b9v7LWIbxcceVOF34GfID5yHI9Y/QCB/IIDEgEw+OyQm\njgSubJrIqg0CAwEAAaOCATEwggEtMA8GA1UdEwEB/wQFMAMBAf8wDgYDVR0PAQH/\nBAQDAgGGMB0GA1UdDgQWBBSEGMyFNOy8DJSULghZnMeyEE4KCDAfBgNVHSMEGDAW\ngBScXwDfqgHXMCs4iKK4bUqc8hGRgzB4BggrBgEFBQcBAQRsMGowLgYIKwYBBQUH\nMAGGImh0dHA6Ly9vY3NwLnJvb3RnMi5hbWF6b250cnVzdC5jb20wOAYIKwYBBQUH\nMAKGLGh0dHA6Ly9jcnQucm9vdGcyLmFtYXpvbnRydXN0LmNvbS9yb290ZzIuY2Vy\nMD0GA1UdHwQ2MDQwMqAwoC6GLGh0dHA6Ly9jcmwucm9vdGcyLmFtYXpvbnRydXN0\nLmNvbS9yb290ZzIuY3JsMBEGA1UdIAQKMAgwBgYEVR0gADANBgkqhkiG9w0BAQsF\nAAOCAQEAYjdCXLwQtT6LLOkMm2xF4gcAevnFWAu5CIw+7bMlPLVvUOTNNWqnkzSW\nMiGpSESrnO09tKpzbeR/FoCJbM8oAxiDR3mjEH4wW6w7sGDgd9QIpuEdfF7Au/ma\neyKdpwAJfqxGF4PcnCZXmTA5YpaP7dreqsXMGz7KQ2hsVxa81Q4gLv7/wmpdLqBK\nbRRYh5TmOTFffHPLkIhqhBGWJ6bt2YFGpn6jcgAKUj6DiAdjd4lpFw85hdKrCEVN\n0FE6/V1dN2RMfjCyVSRCnTawXZwXgWHxyvkQAiSr6w10kY17RSlQOYiypok1JR4U\nakcjMS9cmvqtmg5iUaQqqcT5NJ0hGA==\n-----END CERTIFICATE-----\n",
                "is_ca": true,
                "issuer": "CN=Starfield Services Root Certificate Authority - G2,O=Starfield Technologies\\, Inc.,L=Scottsdale,ST=Arizona,C=US",
                "not_after": "2037-12-31T01:00:00Z",
                "not_before": "2015-05-25T12:00:00Z",
                "public_key_algorithm": "RSA",
                "serial_number": "144918191876577076464031512351042010504348870",
                "sha1_fingerprint": "06b25927c42a721631c1efd9431e648fa62e1e39",
                "signature_algorithm": "SHA256-RSA",
                "subject": "CN=Amazon Root CA 1,O=Amazon,C=US",
                "version": 3
              },
              {
                "cert_pem": "-----BEGIN CERTIFICATE-----\nMIIEXjCCA0agAwIBAgITB3MSTNQG0mfAmRzdKZqfODF5hTANBgkqhkiG9w0BAQsF\nADA5MQswCQYDVQQGEwJVUzEPMA0GA1UEChMGQW1hem9uMRkwFwYDVQQDExBBbWF6\nb24gUm9vdCBDQSAxMB4XDTIyMDgyMzIyMjYwNFoXDTMwMDgyMzIyMjYwNFowPDEL\nMAkGA1UEBhMCVVMxDzANBgNVBAoTBkFtYXpvbjEcMBoGA1UEAxMTQW1hem9uIFJT\nQSAyMDQ4IE0wMzCCASIwDQYJKoZIhvcNAQEBBQADggEPADCCAQoCggEBALd/pVko\n8vuM475Tf45HV3BbCl/B9Jy89G1CRkFjcPY06WA9lS+7dWbUA7GtWUKoksr69hKM\nwcMsNpxlw7b3jeXFgxB09/nmalcAWtnLzF+LaDKEA5DQmvKzuh1nfIfqEiKCQSmX\nXh09Xs+dO7cm5qbaL2hhNJCSAejciwcvOFgFNgEMR42wm6KIFHsQW28jhA+1u/M0\np6fVwReuEgZfLfdx82Px0LJck3lST3EB/JfbdsdOzzzg5YkY1dfuqf8y5fUeZ7Cz\nWXbTjujwX/TovmeWKA36VLCz75azW6tDNuDn66FOpADZZ9omVaF6BqNJiLMVl6P3\n/c0OiUMC6Z5OfKcCAwEAAaOCAVowggFWMBIGA1UdEwEB/wQIMAYBAf8CAQAwDgYD\nVR0PAQH/BAQDAgGGMB0GA1UdJQQWMBQGCCsGAQUFBwMBBggrBgEFBQcDAjAdBgNV\nHQ4EFgQUVdkYX9IczAHhWLS+q9lVQgHXLgIwHwYDVR0jBBgwFoAUhBjMhTTsvAyU\nlC4IWZzHshBOCggwewYIKwYBBQUHAQEEbzBtMC8GCCsGAQUFBzABhiNodHRwOi8v\nb2NzcC5yb290Y2ExLmFtYXpvbnRydXN0LmNvbTA6BggrBgEFBQcwAoYuaHR0cDov\nL2NydC5yb290Y2ExLmFtYXpvbnRydXN0LmNvbS9yb290Y2ExLmNlcjA/BgNVHR8E\nODA2MDSgMqAwhi5odHRwOi8vY3JsLnJvb3RjYTEuYW1hem9udHJ1c3QuY29tL3Jv\nb3RjYTEuY3JsMBMGA1UdIAQMMAowCAYGZ4EMAQIBMA0GCSqGSIb3DQEBCwUAA4IB\nAQAGjeWm2cC+3z2MzSCnte46/7JZvj3iQZDY7EvODNdZF41n71Lrk9kbfNwerK0d\nVNzW36Wefr7j7ZSwBVg50W5ay65jNSN74TTQV1yt4WnSbVvN6KlMs1hiyOZdoHKs\nKDV2UGNxbdoBYCQNa2GYF8FQIWLugNp35aSOpMy6cFlymFQomIrnOQHwK1nvVY4q\nxDSJMU/gNJz17D8ArPN3ngnyZ2TwepJ0uBINz3G5te2rdFUF4i4Y3Bb7FUlHDYm4\nu8aIRGpk2ZpfXmxaoxnbIBZRvGLPSUuPwnwoUOMsJ8jirI5vs2dvchPb7MtI1rle\ni02f2ivH2vxkjDLltSpe2fiC\n-----END CERTIFICATE-----\n",
                "is_ca": true,
                "issuer": "CN=Amazon Root CA 1,O=Amazon,C=US",
                "not_after": "2030-08-23T22:26:04Z",
                "not_before": "2022-08-23T22:26:04Z",
                "public_key_algorithm": "RSA",
                "serial_number": "166129356476704345391986644047206454194698629",
                "sha1_fingerprint": "d9fe0a65fa00cabf61f5120d373a8135e1461f15",
                "signature_algorithm": "SHA256-RSA",
                "subject": "CN=Amazon RSA 2048 M03,O=Amazon,C=US",
                "version": 3
              },
              {
                "cert_pem": "-----BEGIN CERTIFICATE-----\nMIIF6zCCBNOgAwIBAgIQBeNB2VayOh+K6HhgiKaSFjANBgkqhkiG9w0BAQsFADA8\nMQswCQYDVQQGEwJVUzEPMA0GA1UEChMGQW1hem9uMRwwGgYDVQQDExNBbWF6b24g\nUlNBIDIwNDggTTAzMB4XDTI0MDMxMzAwMDAwMFoXDTI1MDQxMTIzNTk1OVowKzEp\nMCcGA1UEAxMgb2lkYy5la3MudXMtd2VzdC0yLmFtYXpvbmF3cy5jb20wggEiMA0G\nCSqGSIb3DQEBAQUAA4IBDwAwggEKAoIBAQC6m0BYDFdykw3OJe9kbl5iNhGo3jys\nnD2x0KdErzTwc2w6IAp4Up8THlZvW4wgsTPKYA4LKzYJNMJ5/nB8JeKjIN7G5oCk\n0X5572XenbIPM7U5j5V0u9L6l2DMZkyHnHTjii5xgo6ZDz4cgqRKsuBbiTn86f6I\nIXWSKOQ+GngAXOwfiQgb4m7sYHMo39PWUcf4UiGOvimug6jL9JHQtbn6gNErwvSO\n0l4Hzidp1bEYf3/D6uFkW7sYblRv8NCEtk/VSnaS7i6sEK117ot7FczDqOFyyqIA\nEuTmE9aFW/OXPyolc/+g0c0T/YEpZqQPXwo79c8iyIpotb6VP4aFYBObAgMBAAGj\nggL4MIIC9DAfBgNVHSMEGDAWgBRV2Rhf0hzMAeFYtL6r2VVCAdcuAjAdBgNVHQ4E\nFgQUyk0guk6Z6aXCIQFN5dkRSDwOzeowKwYDVR0RBCQwIoIgb2lkYy5la3MudXMt\nd2VzdC0yLmFtYXpvbmF3cy5jb20wEwYDVR0gBAwwCjAIBgZngQwBAgEwDgYDVR0P\nAQH/BAQDAgWgMB0GA1UdJQQWMBQGCCsGAQUFBwMBBggrBgEFBQcDAjA7BgNVHR8E\nNDAyMDCgLqAshipodHRwOi8vY3JsLnIybTAzLmFtYXpvbnRydXN0LmNvbS9yMm0w\nMy5jcmwwdQYIKwYBBQUHAQEEaTBnMC0GCCsGAQUFBzABhiFodHRwOi8vb2NzcC5y\nMm0wMy5hbWF6b250cnVzdC5jb20wNgYIKwYBBQUHMAKGKmh0dHA6Ly9jcnQucjJt\nMDMuYW1hem9udHJ1c3QuY29tL3IybTAzLmNlcjAMBgNVHRMBAf8EAjAAMIIBfQYK\nKwYBBAHWeQIEAgSCAW0EggFpAWcAdQBOdaMnXJoQwzhbbNTfP1LrHfDgjhuNacCx\n+mSxYpo53wAAAY41aTMwAAAEAwBGMEQCIF9iqtUKDj4515/cO1NlAxzNgyT83sKH\n3K9y2dXd3YhNAiBNMKwpqAwfg173GCCqgRtK09DpcTk/ojOD93jyMw8OrAB3AH1Z\nHhLheCp7HGFnfF79+NCHXBSgTpWeuQMv2Q6MLnm4AAABjjVpMxQAAAQDAEgwRgIh\nAOA6gP2KPfEMwVkdvh8aERjv5ThCk8mEO7zCch/N8B7hAiEA70hSRSoZQ5zIUX/r\nMLKKRvMtrm+f3x6hAYzYmT/iU4oAdQDm0jFjQHeMwRBBBtdxuc7B0kD2loSG+7qH\nMh39HjeOUAAAAY41aTNBAAAEAwBGMEQCIFU+/Yxx6o7PIWo/0ROw1FmbcZ00L1us\nvnMQaTogN3u7AiA7/wVJILP/ILb3Dcop3vjpnfVLaLGowO2eCllCut54wTANBgkq\nhkiG9w0BAQsFAAOCAQEAoK7XpGhi5vIU1smz4iSH+dJ/+2uIFsK1FJrVlDO6YXAn\nYIrHa/pL2/5gKjZclsLEA6bVS8CwMjI5jMCjjzVuUTQXggS0vs75vWYS3BWjnfkR\nyYTQzo8jpEhkUDMAsfQAhp61bD384Wv8kSNSGIkK8f6Tg9GGXIUyMj7P1Y3OSuG0\ntQpGsdxfj19ZSEbrunzrWg0HoaIfJUkwuhAp8wgZG2AbN9UGCMRPpZxG6YzxRZ1Z\ni1lXMCX23QB2yyf5v772f26M6S5ADQfDmX+58BdDmy5wqz4TTDlz/ybnJ+VfGIfn\nW+fnTPItzRJwEKI1anpPj+HfkhezA1q6t26bY5vbTQ==\n-----END CERTIFICATE-----\n",
                "is_ca": false,
                "issuer": "CN=Amazon RSA 2048 M03,O=Amazon,C=US",
                "not_after": "2025-04-11T23:59:59Z",
                "not_before": "2024-03-13T00:00:00Z",
                "public_key_algorithm": "RSA",
                "serial_number": "7826126941778662309775807494188601878",
                "sha1_fingerprint": "317ff1796cf8e2bcd874cb3e7b9b61469d82313c",
                "signature_algorithm": "SHA256-RSA",
                "subject": "CN=oidc.eks.us-west-2.amazonaws.com",
                "version": 3
              }
            ],
            "content": null,
            "id": "6306a5e535892bdf6f4386e934be19a955e64ffa",
            "url": "https://oidc.eks.us-west-2.amazonaws.com/id/32773A7819B4FEFE4A4FFCF5D4C04B78",
            "verify_chain": true
          },
          "sensitive_attributes": []
        }
      ]
    },
    {
      "module": "module.eks-blue.module.eks",
      "mode": "managed",
      "type": "aws_cloudwatch_log_group",
      "name": "this",
      "provider": "provider[\"registry.terraform.io/hashicorp/aws\"]",
      "instances": [
        {
          "index_key": 0,
          "schema_version": 0,
          "attributes": {
            "arn": "arn:aws:logs:us-west-2:025118453985:log-group:/aws/eks/eks-jam-cluster-blue/cluster",
            "id": "/aws/eks/eks-jam-cluster-blue/cluster",
            "kms_key_id": "",
            "log_group_class": "STANDARD",
            "name": "/aws/eks/eks-jam-cluster-blue/cluster",
            "name_prefix": "",
            "retention_in_days": 90,
            "skip_destroy": false,
            "tags": {
              "Name": "/aws/eks/eks-jam-cluster-blue/cluster"
            },
            "tags_all": {
              "Name": "/aws/eks/eks-jam-cluster-blue/cluster"
            }
          },
          "sensitive_attributes": [],
          "private": "bnVsbA==",
          "create_before_destroy": true
        }
      ]
    },
    {
      "module": "module.eks-blue.module.eks",
      "mode": "managed",
      "type": "aws_eks_addon",
      "name": "before_compute",
      "provider": "provider[\"registry.terraform.io/hashicorp/aws\"]",
      "instances": [
        {
          "index_key": "vpc-cni",
          "schema_version": 0,
          "attributes": {
            "addon_name": "vpc-cni",
            "addon_version": "v1.17.1-eksbuild.1",
            "arn": "arn:aws:eks:us-west-2:025118453985:addon/eks-jam-cluster-blue/vpc-cni/86c73a75-cf25-5007-1b27-9c7028a841ae",
            "cluster_name": "eks-jam-cluster-blue",
            "configuration_values": "{\"enableNetworkPolicy\":\"true\",\"env\":{\"ENABLE_POD_ENI\":\"true\",\"ENABLE_PREFIX_DELEGATION\":\"true\",\"POD_SECURITY_GROUP_ENFORCING_MODE\":\"standard\"},\"nodeAgent\":{\"enablePolicyEventLogs\":\"true\"}}",
            "created_at": "2024-03-25T09:23:02Z",
            "id": "eks-jam-cluster-blue:vpc-cni",
            "modified_at": "2024-03-25T09:23:05Z",
            "preserve": null,
            "resolve_conflicts": "OVERWRITE",
            "resolve_conflicts_on_create": null,
            "resolve_conflicts_on_update": null,
            "service_account_role_arn": "",
            "tags": {},
            "tags_all": {},
            "timeouts": {
              "create": null,
              "delete": null,
              "update": null
            }
          },
          "sensitive_attributes": [],
          "private": "eyJlMmJmYjczMC1lY2FhLTExZTYtOGY4OC0zNDM2M2JjN2M0YzAiOnsiY3JlYXRlIjoxMjAwMDAwMDAwMDAwLCJkZWxldGUiOjI0MDAwMDAwMDAwMDAsInVwZGF0ZSI6MTIwMDAwMDAwMDAwMH19",
          "dependencies": [
            "data.aws_vpc.vpc",
            "module.eks-blue.data.aws_subnets.private",
            "module.eks-blue.module.eks.aws_cloudwatch_log_group.this",
            "module.eks-blue.module.eks.aws_eks_cluster.this",
            "module.eks-blue.module.eks.aws_iam_policy.cni_ipv6_policy",
            "module.eks-blue.module.eks.aws_iam_role.this",
            "module.eks-blue.module.eks.aws_iam_role_policy_attachment.this",
            "module.eks-blue.module.eks.aws_security_group.cluster",
            "module.eks-blue.module.eks.aws_security_group.node",
            "module.eks-blue.module.eks.aws_security_group_rule.cluster",
            "module.eks-blue.module.eks.aws_security_group_rule.node",
            "module.eks-blue.module.eks.data.aws_caller_identity.current",
            "module.eks-blue.module.eks.data.aws_eks_addon_version.this",
            "module.eks-blue.module.eks.data.aws_iam_policy_document.assume_role_policy",
            "module.eks-blue.module.eks.data.aws_iam_policy_document.cni_ipv6_policy",
            "module.eks-blue.module.eks.data.aws_iam_session_context.current",
            "module.eks-blue.module.eks.data.aws_partition.current",
            "module.eks-blue.module.eks.module.kms.aws_kms_external_key.this",
            "module.eks-blue.module.eks.module.kms.aws_kms_key.this",
            "module.eks-blue.module.eks.module.kms.aws_kms_replica_external_key.this",
            "module.eks-blue.module.eks.module.kms.aws_kms_replica_key.this",
            "module.eks-blue.module.eks.module.kms.data.aws_caller_identity.current",
            "module.eks-blue.module.eks.module.kms.data.aws_iam_policy_document.this",
            "module.eks-blue.module.eks.module.kms.data.aws_partition.current"
          ]
        }
      ]
    },
    {
      "module": "module.eks-blue.module.eks",
      "mode": "managed",
      "type": "aws_eks_cluster",
      "name": "this",
      "provider": "provider[\"registry.terraform.io/hashicorp/aws\"]",
      "instances": [
        {
          "index_key": 0,
          "schema_version": 0,
          "attributes": {
            "access_config": [
              {
                "authentication_mode": "CONFIG_MAP",
                "bootstrap_cluster_creator_admin_permissions": false
              }
            ],
            "arn": "arn:aws:eks:us-west-2:025118453985:cluster/eks-jam-cluster-blue",
            "certificate_authority": [
              {
                "data": "LS0tLS1CRUdJTiBDRVJUSUZJQ0FURS0tLS0tCk1JSURCVENDQWUyZ0F3SUJBZ0lJQlA0eGkzUFhqb2d3RFFZSktvWklodmNOQVFFTEJRQXdGVEVUTUJFR0ExVUUKQXhNS2EzVmlaWEp1WlhSbGN6QWVGdzB5TkRBek1qVXdPVEV6TkRoYUZ3MHpOREF6TWpNd09URTRORGhhTUJVeApFekFSQmdOVkJBTVRDbXQxWW1WeWJtVjBaWE13Z2dFaU1BMEdDU3FHU0liM0RRRUJBUVVBQTRJQkR3QXdnZ0VLCkFvSUJBUUM2WDhRclZHVVQzN1N1K0xIRmxtSWF6ZWlJZy8vZFZmK2JYZXV4NnRPck83RlVDaktBaEhrU2FBWGcKZmtVU0ZGK2IyUTIvR0wrUi9DZHRHdjNDY3NKQWhxenNHUUxoNmNDaWRlUUd6ejRaY1BJZFRsWGJrVmRYMy9DWQpsc0tmemFnaDVobFlSRnVQT2FUMWlWNy9Yd0VXOTQrLzhpWm9HZk02QlBZcngxNUsxNU5GdFpkUlBlVU1JbEJhCjBVN2RVVFltakNVSWNaWWcyekIxS2xWQm5DL3V2ZVZmT21CTCs3Y3lpSy8yM0ZTekVJMjFJZ0hjN3d2aTZaOTAKYkczT1Z3UGpvek1iUjdVYWJ0RUNEcXVQcGlyYkJkUVVLN01tM08wVVloYWttNWxGbW1TeWZrT0RnRitROXhBOQpOeHB5M01haGZBdHdhTFo4WGMxYnF4M0RhbmQ1QWdNQkFBR2pXVEJYTUE0R0ExVWREd0VCL3dRRUF3SUNwREFQCkJnTlZIUk1CQWY4RUJUQURBUUgvTUIwR0ExVWREZ1FXQkJUOXRTeEJkK3AyWGFvUUR5a01zc2pmQ2hqK1h6QVYKQmdOVkhSRUVEakFNZ2dwcmRXSmxjbTVsZEdWek1BMEdDU3FHU0liM0RRRUJDd1VBQTRJQkFRQWxzRUNiRGlvcQpsVGlMM0dJMEszekVTNmtYNWVDamNLY0ovUWJmYlk0TnNZS3lzMXdOcEp5aCt5czZNbHpxYlRpT3AvbnJqM3lzCjdwcGhnZFRFRndXSFMvVjI5a1RsU3NSNWFQWlQvYnNkTi84MHA0aFRKYXBkbmw2L0k1b05tcGd0eElGNmVLb1EKVERReEpxVE4vd013OFNMc0l3em5tWC8zRGNseGE4VGlWVG1vMmZleFJCMkNxNGI2K3pJcEdxK2hKMFhVYUxKSgpHWWdDL1VFdmNoZk1BQ1djV1EwMGRUWDBndkxSZTZGSHN6Z2ZTRkVFbklzOWQ5NmN0TDN5ODhSalMxZWFWem1iCnZKZFpqWFhJYTg3RzF1RzU3L1BoTmVvNU5QUG0zMFkwSlBYcTNJRGpvMGhZQ0paY3V6QUp6WVl2MVhHMWxzb04KTCtFZDloczdHM2VuCi0tLS0tRU5EIENFUlRJRklDQVRFLS0tLS0K"
              }
            ],
            "cluster_id": null,
            "created_at": "2024-03-25 09:13:50.53 +0000 UTC",
            "enabled_cluster_log_types": [
              "api",
              "audit",
              "authenticator"
            ],
            "encryption_config": [
              {
                "provider": [
                  {
                    "key_arn": "arn:aws:kms:us-west-2:025118453985:key/3b10a32b-3392-4538-8a91-ce6c33c959c0"
                  }
                ],
                "resources": [
                  "secrets"
                ]
              }
            ],
            "endpoint": "https://32773A7819B4FEFE4A4FFCF5D4C04B78.sk1.us-west-2.eks.amazonaws.com",
            "id": "eks-jam-cluster-blue",
            "identity": [
              {
                "oidc": [
                  {
                    "issuer": "https://oidc.eks.us-west-2.amazonaws.com/id/32773A7819B4FEFE4A4FFCF5D4C04B78"
                  }
                ]
              }
            ],
            "kubernetes_network_config": [
              {
                "ip_family": "ipv4",
                "service_ipv4_cidr": "172.20.0.0/16",
                "service_ipv6_cidr": ""
              }
            ],
            "name": "eks-jam-cluster-blue",
            "outpost_config": [],
            "platform_version": "eks.10",
            "role_arn": "arn:aws:iam::025118453985:role/eks-jam-cluster-blue-cluster-20240325091332118600000002",
            "status": "ACTIVE",
            "tags": {},
            "tags_all": {},
            "timeouts": {
              "create": null,
              "delete": null,
              "update": null
            },
            "version": "1.28",
            "vpc_config": [
              {
                "cluster_security_group_id": "sg-06b458b372a3380db",
                "endpoint_private_access": true,
                "endpoint_public_access": true,
                "public_access_cidrs": [
                  "0.0.0.0/0"
                ],
                "security_group_ids": [],
                "subnet_ids": [
                  "subnet-009247e59c53bbe52",
                  "subnet-09f9abd3869edad56",
                  "subnet-0cb05d8f519aaa190"
                ],
                "vpc_id": "vpc-0d2acf34e6676467f"
              }
            ]
          },
          "sensitive_attributes": [],
          "private": "eyJlMmJmYjczMC1lY2FhLTExZTYtOGY4OC0zNDM2M2JjN2M0YzAiOnsiY3JlYXRlIjoxODAwMDAwMDAwMDAwLCJkZWxldGUiOjkwMDAwMDAwMDAwMCwidXBkYXRlIjozNjAwMDAwMDAwMDAwfX0=",
          "dependencies": [
            "data.aws_vpc.vpc",
            "module.eks-blue.data.aws_subnets.private",
            "module.eks-blue.module.eks.aws_cloudwatch_log_group.this",
            "module.eks-blue.module.eks.aws_iam_policy.cni_ipv6_policy",
            "module.eks-blue.module.eks.aws_iam_role.this",
            "module.eks-blue.module.eks.aws_iam_role_policy_attachment.this",
            "module.eks-blue.module.eks.aws_security_group.cluster",
            "module.eks-blue.module.eks.aws_security_group.node",
            "module.eks-blue.module.eks.aws_security_group_rule.cluster",
            "module.eks-blue.module.eks.aws_security_group_rule.node",
            "module.eks-blue.module.eks.data.aws_caller_identity.current",
            "module.eks-blue.module.eks.data.aws_iam_policy_document.assume_role_policy",
            "module.eks-blue.module.eks.data.aws_iam_policy_document.cni_ipv6_policy",
            "module.eks-blue.module.eks.data.aws_iam_session_context.current",
            "module.eks-blue.module.eks.data.aws_partition.current",
            "module.eks-blue.module.eks.module.kms.aws_kms_external_key.this",
            "module.eks-blue.module.eks.module.kms.aws_kms_key.this",
            "module.eks-blue.module.eks.module.kms.aws_kms_replica_external_key.this",
            "module.eks-blue.module.eks.module.kms.aws_kms_replica_key.this",
            "module.eks-blue.module.eks.module.kms.data.aws_caller_identity.current",
            "module.eks-blue.module.eks.module.kms.data.aws_iam_policy_document.this",
            "module.eks-blue.module.eks.module.kms.data.aws_partition.current"
          ],
          "create_before_destroy": true
        }
      ]
    },
    {
      "module": "module.eks-blue.module.eks",
      "mode": "managed",
      "type": "aws_iam_openid_connect_provider",
      "name": "oidc_provider",
      "provider": "provider[\"registry.terraform.io/hashicorp/aws\"]",
      "instances": [
        {
          "index_key": 0,
          "schema_version": 0,
          "attributes": {
            "arn": "arn:aws:iam::025118453985:oidc-provider/oidc.eks.us-west-2.amazonaws.com/id/32773A7819B4FEFE4A4FFCF5D4C04B78",
            "client_id_list": [
              "sts.amazonaws.com"
            ],
            "id": "arn:aws:iam::025118453985:oidc-provider/oidc.eks.us-west-2.amazonaws.com/id/32773A7819B4FEFE4A4FFCF5D4C04B78",
            "tags": {
              "Name": "eks-jam-cluster-blue-eks-irsa"
            },
            "tags_all": {
              "Name": "eks-jam-cluster-blue-eks-irsa"
            },
            "thumbprint_list": [
              "9e99a48a9960b14926bb7f3b02e22da2b0ab7280"
            ],
            "url": "oidc.eks.us-west-2.amazonaws.com/id/32773A7819B4FEFE4A4FFCF5D4C04B78"
          },
          "sensitive_attributes": [],
          "private": "bnVsbA==",
          "dependencies": [
            "data.aws_vpc.vpc",
            "module.eks-blue.data.aws_subnets.private",
            "module.eks-blue.module.eks.aws_cloudwatch_log_group.this",
            "module.eks-blue.module.eks.aws_eks_cluster.this",
            "module.eks-blue.module.eks.aws_iam_policy.cni_ipv6_policy",
            "module.eks-blue.module.eks.aws_iam_role.this",
            "module.eks-blue.module.eks.aws_iam_role_policy_attachment.this",
            "module.eks-blue.module.eks.aws_security_group.cluster",
            "module.eks-blue.module.eks.aws_security_group.node",
            "module.eks-blue.module.eks.aws_security_group_rule.cluster",
            "module.eks-blue.module.eks.aws_security_group_rule.node",
            "module.eks-blue.module.eks.data.aws_caller_identity.current",
            "module.eks-blue.module.eks.data.aws_iam_policy_document.assume_role_policy",
            "module.eks-blue.module.eks.data.aws_iam_policy_document.cni_ipv6_policy",
            "module.eks-blue.module.eks.data.aws_iam_session_context.current",
            "module.eks-blue.module.eks.data.aws_partition.current",
            "module.eks-blue.module.eks.data.tls_certificate.this",
            "module.eks-blue.module.eks.module.kms.aws_kms_external_key.this",
            "module.eks-blue.module.eks.module.kms.aws_kms_key.this",
            "module.eks-blue.module.eks.module.kms.aws_kms_replica_external_key.this",
            "module.eks-blue.module.eks.module.kms.aws_kms_replica_key.this",
            "module.eks-blue.module.eks.module.kms.data.aws_caller_identity.current",
            "module.eks-blue.module.eks.module.kms.data.aws_iam_policy_document.this",
            "module.eks-blue.module.eks.module.kms.data.aws_partition.current"
          ]
        }
      ]
    },
    {
      "module": "module.eks-blue.module.eks",
      "mode": "managed",
      "type": "aws_iam_policy",
      "name": "cluster_encryption",
      "provider": "provider[\"registry.terraform.io/hashicorp/aws\"]",
      "instances": [
        {
          "index_key": 0,
          "schema_version": 0,
          "attributes": {
            "arn": "arn:aws:iam::025118453985:policy/eks-jam-cluster-blue-cluster-ClusterEncryption20240325091348935300000008",
            "description": "Cluster encryption policy to allow cluster role to utilize CMK provided",
            "id": "arn:aws:iam::025118453985:policy/eks-jam-cluster-blue-cluster-ClusterEncryption20240325091348935300000008",
            "name": "eks-jam-cluster-blue-cluster-ClusterEncryption20240325091348935300000008",
            "name_prefix": "eks-jam-cluster-blue-cluster-ClusterEncryption",
            "path": "/",
            "policy": "{\"Statement\":[{\"Action\":[\"kms:Encrypt\",\"kms:Decrypt\",\"kms:ListGrants\",\"kms:DescribeKey\"],\"Effect\":\"Allow\",\"Resource\":\"arn:aws:kms:us-west-2:025118453985:key/3b10a32b-3392-4538-8a91-ce6c33c959c0\"}],\"Version\":\"2012-10-17\"}",
            "policy_id": "ANPAQLWJNGDQ3DPT3K4YW",
            "tags": {},
            "tags_all": {}
          },
          "sensitive_attributes": [],
          "private": "bnVsbA==",
          "dependencies": [
            "module.eks-blue.module.eks.aws_iam_role.this",
            "module.eks-blue.module.eks.data.aws_caller_identity.current",
            "module.eks-blue.module.eks.data.aws_iam_policy_document.assume_role_policy",
            "module.eks-blue.module.eks.data.aws_iam_session_context.current",
            "module.eks-blue.module.eks.data.aws_partition.current",
            "module.eks-blue.module.eks.module.kms.aws_kms_external_key.this",
            "module.eks-blue.module.eks.module.kms.aws_kms_key.this",
            "module.eks-blue.module.eks.module.kms.aws_kms_replica_external_key.this",
            "module.eks-blue.module.eks.module.kms.aws_kms_replica_key.this",
            "module.eks-blue.module.eks.module.kms.data.aws_caller_identity.current",
            "module.eks-blue.module.eks.module.kms.data.aws_iam_policy_document.this",
            "module.eks-blue.module.eks.module.kms.data.aws_partition.current"
          ]
        }
      ]
    },
    {
      "module": "module.eks-blue.module.eks",
      "mode": "managed",
      "type": "aws_iam_role",
      "name": "this",
      "provider": "provider[\"registry.terraform.io/hashicorp/aws\"]",
      "instances": [
        {
          "index_key": 0,
          "schema_version": 0,
          "attributes": {
            "arn": "arn:aws:iam::025118453985:role/eks-jam-cluster-blue-cluster-20240325091332118600000002",
            "assume_role_policy": "{\"Statement\":[{\"Action\":\"sts:AssumeRole\",\"Effect\":\"Allow\",\"Principal\":{\"Service\":\"eks.amazonaws.com\"},\"Sid\":\"EKSClusterAssumeRole\"}],\"Version\":\"2012-10-17\"}",
            "create_date": "2024-03-25T09:13:32Z",
            "description": "",
            "force_detach_policies": true,
            "id": "eks-jam-cluster-blue-cluster-20240325091332118600000002",
            "inline_policy": [
              {
                "name": "eks-jam-cluster-blue-cluster",
                "policy": "{\"Version\":\"2012-10-17\",\"Statement\":[{\"Action\":[\"logs:CreateLogGroup\"],\"Effect\":\"Deny\",\"Resource\":\"*\"}]}"
              }
            ],
            "managed_policy_arns": [
              "arn:aws:iam::025118453985:policy/eks-jam-cluster-blue-cluster-ClusterEncryption20240325091348935300000008",
              "arn:aws:iam::aws:policy/AmazonEKSClusterPolicy",
              "arn:aws:iam::aws:policy/AmazonEKSVPCResourceController"
            ],
            "max_session_duration": 3600,
            "name": "eks-jam-cluster-blue-cluster-20240325091332118600000002",
            "name_prefix": "eks-jam-cluster-blue-cluster-",
            "path": "/",
            "permissions_boundary": "",
            "tags": {},
            "tags_all": {},
            "unique_id": "AROAQLWJNGDQ2ZE3AJQRG"
          },
          "sensitive_attributes": [],
          "private": "bnVsbA==",
          "dependencies": [
            "module.eks-blue.module.eks.data.aws_iam_policy_document.assume_role_policy",
            "module.eks-blue.module.eks.data.aws_partition.current"
          ],
          "create_before_destroy": true
        }
      ]
    },
    {
      "module": "module.eks-blue.module.eks",
      "mode": "managed",
      "type": "aws_iam_role_policy_attachment",
      "name": "cluster_encryption",
      "provider": "provider[\"registry.terraform.io/hashicorp/aws\"]",
      "instances": [
        {
          "index_key": 0,
          "schema_version": 0,
          "attributes": {
            "id": "eks-jam-cluster-blue-cluster-20240325091332118600000002-20240325091349384800000009",
            "policy_arn": "arn:aws:iam::025118453985:policy/eks-jam-cluster-blue-cluster-ClusterEncryption20240325091348935300000008",
            "role": "eks-jam-cluster-blue-cluster-20240325091332118600000002"
          },
          "sensitive_attributes": [],
          "private": "bnVsbA==",
          "dependencies": [
            "module.eks-blue.module.eks.aws_iam_policy.cluster_encryption",
            "module.eks-blue.module.eks.aws_iam_role.this",
            "module.eks-blue.module.eks.data.aws_caller_identity.current",
            "module.eks-blue.module.eks.data.aws_iam_policy_document.assume_role_policy",
            "module.eks-blue.module.eks.data.aws_iam_session_context.current",
            "module.eks-blue.module.eks.data.aws_partition.current",
            "module.eks-blue.module.eks.module.kms.aws_kms_external_key.this",
            "module.eks-blue.module.eks.module.kms.aws_kms_key.this",
            "module.eks-blue.module.eks.module.kms.aws_kms_replica_external_key.this",
            "module.eks-blue.module.eks.module.kms.aws_kms_replica_key.this",
            "module.eks-blue.module.eks.module.kms.data.aws_caller_identity.current",
            "module.eks-blue.module.eks.module.kms.data.aws_iam_policy_document.this",
            "module.eks-blue.module.eks.module.kms.data.aws_partition.current"
          ]
        }
      ]
    },
    {
      "module": "module.eks-blue.module.eks",
      "mode": "managed",
      "type": "aws_iam_role_policy_attachment",
      "name": "this",
      "provider": "provider[\"registry.terraform.io/hashicorp/aws\"]",
      "instances": [
        {
          "index_key": "AmazonEKSClusterPolicy",
          "schema_version": 0,
          "attributes": {
            "id": "eks-jam-cluster-blue-cluster-20240325091332118600000002-20240325091333166600000006",
            "policy_arn": "arn:aws:iam::aws:policy/AmazonEKSClusterPolicy",
            "role": "eks-jam-cluster-blue-cluster-20240325091332118600000002"
          },
          "sensitive_attributes": [],
          "private": "bnVsbA==",
          "dependencies": [
            "module.eks-blue.module.eks.aws_iam_role.this",
            "module.eks-blue.module.eks.data.aws_iam_policy_document.assume_role_policy",
            "module.eks-blue.module.eks.data.aws_partition.current"
          ],
          "create_before_destroy": true
        },
        {
          "index_key": "AmazonEKSVPCResourceController",
          "schema_version": 0,
          "attributes": {
            "id": "eks-jam-cluster-blue-cluster-20240325091332118600000002-20240325091333171700000007",
            "policy_arn": "arn:aws:iam::aws:policy/AmazonEKSVPCResourceController",
            "role": "eks-jam-cluster-blue-cluster-20240325091332118600000002"
          },
          "sensitive_attributes": [],
          "private": "bnVsbA==",
          "dependencies": [
            "module.eks-blue.module.eks.aws_iam_role.this",
            "module.eks-blue.module.eks.data.aws_iam_policy_document.assume_role_policy",
            "module.eks-blue.module.eks.data.aws_partition.current"
          ],
          "create_before_destroy": true
        }
      ]
    },
    {
      "module": "module.eks-blue.module.eks",
      "mode": "managed",
      "type": "kubernetes_config_map",
      "name": "aws_auth",
      "provider": "provider[\"registry.terraform.io/hashicorp/kubernetes\"]",
      "instances": []
    },
    {
      "module": "module.eks-blue.module.eks",
      "mode": "managed",
      "type": "time_sleep",
      "name": "this",
      "provider": "provider[\"registry.terraform.io/hashicorp/time\"]",
      "instances": [
        {
          "index_key": 0,
          "schema_version": 0,
          "attributes": {
            "create_duration": "30s",
            "destroy_duration": null,
            "id": "2024-03-25T09:23:32Z",
            "triggers": {
              "cluster_certificate_authority_data": "LS0tLS1CRUdJTiBDRVJUSUZJQ0FURS0tLS0tCk1JSURCVENDQWUyZ0F3SUJBZ0lJQlA0eGkzUFhqb2d3RFFZSktvWklodmNOQVFFTEJRQXdGVEVUTUJFR0ExVUUKQXhNS2EzVmlaWEp1WlhSbGN6QWVGdzB5TkRBek1qVXdPVEV6TkRoYUZ3MHpOREF6TWpNd09URTRORGhhTUJVeApFekFSQmdOVkJBTVRDbXQxWW1WeWJtVjBaWE13Z2dFaU1BMEdDU3FHU0liM0RRRUJBUVVBQTRJQkR3QXdnZ0VLCkFvSUJBUUM2WDhRclZHVVQzN1N1K0xIRmxtSWF6ZWlJZy8vZFZmK2JYZXV4NnRPck83RlVDaktBaEhrU2FBWGcKZmtVU0ZGK2IyUTIvR0wrUi9DZHRHdjNDY3NKQWhxenNHUUxoNmNDaWRlUUd6ejRaY1BJZFRsWGJrVmRYMy9DWQpsc0tmemFnaDVobFlSRnVQT2FUMWlWNy9Yd0VXOTQrLzhpWm9HZk02QlBZcngxNUsxNU5GdFpkUlBlVU1JbEJhCjBVN2RVVFltakNVSWNaWWcyekIxS2xWQm5DL3V2ZVZmT21CTCs3Y3lpSy8yM0ZTekVJMjFJZ0hjN3d2aTZaOTAKYkczT1Z3UGpvek1iUjdVYWJ0RUNEcXVQcGlyYkJkUVVLN01tM08wVVloYWttNWxGbW1TeWZrT0RnRitROXhBOQpOeHB5M01haGZBdHdhTFo4WGMxYnF4M0RhbmQ1QWdNQkFBR2pXVEJYTUE0R0ExVWREd0VCL3dRRUF3SUNwREFQCkJnTlZIUk1CQWY4RUJUQURBUUgvTUIwR0ExVWREZ1FXQkJUOXRTeEJkK3AyWGFvUUR5a01zc2pmQ2hqK1h6QVYKQmdOVkhSRUVEakFNZ2dwcmRXSmxjbTVsZEdWek1BMEdDU3FHU0liM0RRRUJDd1VBQTRJQkFRQWxzRUNiRGlvcQpsVGlMM0dJMEszekVTNmtYNWVDamNLY0ovUWJmYlk0TnNZS3lzMXdOcEp5aCt5czZNbHpxYlRpT3AvbnJqM3lzCjdwcGhnZFRFRndXSFMvVjI5a1RsU3NSNWFQWlQvYnNkTi84MHA0aFRKYXBkbmw2L0k1b05tcGd0eElGNmVLb1EKVERReEpxVE4vd013OFNMc0l3em5tWC8zRGNseGE4VGlWVG1vMmZleFJCMkNxNGI2K3pJcEdxK2hKMFhVYUxKSgpHWWdDL1VFdmNoZk1BQ1djV1EwMGRUWDBndkxSZTZGSHN6Z2ZTRkVFbklzOWQ5NmN0TDN5ODhSalMxZWFWem1iCnZKZFpqWFhJYTg3RzF1RzU3L1BoTmVvNU5QUG0zMFkwSlBYcTNJRGpvMGhZQ0paY3V6QUp6WVl2MVhHMWxzb04KTCtFZDloczdHM2VuCi0tLS0tRU5EIENFUlRJRklDQVRFLS0tLS0K",
              "cluster_endpoint": "https://32773A7819B4FEFE4A4FFCF5D4C04B78.sk1.us-west-2.eks.amazonaws.com",
              "cluster_name": "eks-jam-cluster-blue",
              "cluster_version": "1.28"
            }
          },
          "sensitive_attributes": [],
          "dependencies": [
            "data.aws_vpc.vpc",
            "module.eks-blue.data.aws_subnets.private",
            "module.eks-blue.module.eks.aws_cloudwatch_log_group.this",
            "module.eks-blue.module.eks.aws_eks_cluster.this",
            "module.eks-blue.module.eks.aws_iam_policy.cni_ipv6_policy",
            "module.eks-blue.module.eks.aws_iam_role.this",
            "module.eks-blue.module.eks.aws_iam_role_policy_attachment.this",
            "module.eks-blue.module.eks.aws_security_group.cluster",
            "module.eks-blue.module.eks.aws_security_group.node",
            "module.eks-blue.module.eks.aws_security_group_rule.cluster",
            "module.eks-blue.module.eks.aws_security_group_rule.node",
            "module.eks-blue.module.eks.data.aws_caller_identity.current",
            "module.eks-blue.module.eks.data.aws_iam_policy_document.assume_role_policy",
            "module.eks-blue.module.eks.data.aws_iam_policy_document.cni_ipv6_policy",
            "module.eks-blue.module.eks.data.aws_iam_session_context.current",
            "module.eks-blue.module.eks.data.aws_partition.current",
            "module.eks-blue.module.eks.module.kms.aws_kms_external_key.this",
            "module.eks-blue.module.eks.module.kms.aws_kms_key.this",
            "module.eks-blue.module.eks.module.kms.aws_kms_replica_external_key.this",
            "module.eks-blue.module.eks.module.kms.aws_kms_replica_key.this",
            "module.eks-blue.module.eks.module.kms.data.aws_caller_identity.current",
            "module.eks-blue.module.eks.module.kms.data.aws_iam_policy_document.this",
            "module.eks-blue.module.eks.module.kms.data.aws_partition.current"
          ],
          "create_before_destroy": true
        }
      ]
    },
    {
      "module": "module.eks-blue.module.eks.module.eks_managed_node_group[\"default\"]",
      "mode": "data",
      "type": "aws_caller_identity",
      "name": "current",
      "provider": "provider[\"registry.terraform.io/hashicorp/aws\"]",
      "instances": [
        {
          "schema_version": 0,
          "attributes": {
            "account_id": "025118453985",
            "arn": "arn:aws:sts::025118453985:assumed-role/workshop-stack-Cloud9Stack-1V46I4-EksWorkshopC9Role-RfrXcaYFNQZu/i-0126e913f606f562d",
            "id": "025118453985",
            "user_id": "AROAQLWJNGDQ4R5MHSCVY:i-0126e913f606f562d"
          },
          "sensitive_attributes": []
        }
      ]
    },
    {
      "module": "module.eks-blue.module.eks.module.eks_managed_node_group[\"default\"]",
      "mode": "data",
      "type": "aws_iam_policy_document",
      "name": "assume_role_policy",
      "provider": "provider[\"registry.terraform.io/hashicorp/aws\"]",
      "instances": [
        {
          "index_key": 0,
          "schema_version": 0,
          "attributes": {
            "id": "2560088296",
            "json": "{\n  \"Version\": \"2012-10-17\",\n  \"Statement\": [\n    {\n      \"Sid\": \"EKSNodeAssumeRole\",\n      \"Effect\": \"Allow\",\n      \"Action\": \"sts:AssumeRole\",\n      \"Principal\": {\n        \"Service\": \"ec2.amazonaws.com\"\n      }\n    }\n  ]\n}",
            "override_json": null,
            "override_policy_documents": null,
            "policy_id": null,
            "source_json": null,
            "source_policy_documents": null,
            "statement": [
              {
                "actions": [
                  "sts:AssumeRole"
                ],
                "condition": [],
                "effect": "Allow",
                "not_actions": [],
                "not_principals": [],
                "not_resources": [],
                "principals": [
                  {
                    "identifiers": [
                      "ec2.amazonaws.com"
                    ],
                    "type": "Service"
                  }
                ],
                "resources": [],
                "sid": "EKSNodeAssumeRole"
              }
            ],
            "version": "2012-10-17"
          },
          "sensitive_attributes": []
        }
      ]
    },
    {
      "module": "module.eks-blue.module.eks.module.eks_managed_node_group[\"default\"]",
      "mode": "data",
      "type": "aws_partition",
      "name": "current",
      "provider": "provider[\"registry.terraform.io/hashicorp/aws\"]",
      "instances": [
        {
          "schema_version": 0,
          "attributes": {
            "dns_suffix": "amazonaws.com",
            "id": "aws",
            "partition": "aws",
            "reverse_dns_prefix": "com.amazonaws"
          },
          "sensitive_attributes": []
        }
      ]
    },
    {
      "module": "module.eks-blue.module.eks.module.eks_managed_node_group[\"default\"]",
      "mode": "managed",
      "type": "aws_autoscaling_schedule",
      "name": "this",
      "provider": "provider[\"registry.terraform.io/hashicorp/aws\"]",
      "instances": []
    },
    {
      "module": "module.eks-blue.module.eks.module.eks_managed_node_group[\"default\"]",
      "mode": "managed",
      "type": "aws_eks_node_group",
      "name": "this",
      "provider": "provider[\"registry.terraform.io/hashicorp/aws\"]",
      "instances": [
        {
          "index_key": 0,
          "schema_version": 0,
          "attributes": {
            "ami_type": "AL2_x86_64",
            "arn": "arn:aws:eks:us-west-2:025118453985:nodegroup/eks-jam-cluster-blue/default-2024032509233242290000000d/a6c73a76-09f8-7341-5849-bac1d9038e1d",
            "capacity_type": "ON_DEMAND",
            "cluster_name": "eks-jam-cluster-blue",
            "disk_size": 0,
            "force_update_version": true,
            "id": "eks-jam-cluster-blue:default-2024032509233242290000000d",
            "instance_types": [
              "m5.large"
            ],
            "labels": {
              "workshop-default": "yes"
            },
            "launch_template": [
              {
                "id": "lt-0117198e17cd49d29",
                "name": "default-2024032509233223700000000b",
                "version": "1"
              }
            ],
            "node_group_name": "default-2024032509233242290000000d",
            "node_group_name_prefix": "default-",
            "node_role_arn": "arn:aws:iam::025118453985:role/default-eks-node-group-20240325091332112200000001",
            "release_version": "1.28.5-20240315",
            "remote_access": [],
            "resources": [
              {
                "autoscaling_groups": [
                  {
                    "name": "eks-default-2024032509233242290000000d-a6c73a76-09f8-7341-5849-bac1d9038e1d"
                  }
                ],
                "remote_access_security_group_id": ""
              }
            ],
            "scaling_config": [
              {
                "desired_size": 3,
                "max_size": 6,
                "min_size": 3
              }
            ],
            "status": "ACTIVE",
            "subnet_ids": [
              "subnet-009247e59c53bbe52",
              "subnet-09f9abd3869edad56",
              "subnet-0cb05d8f519aaa190"
            ],
            "tags": {
              "Name": "default"
            },
            "tags_all": {
              "Name": "default"
            },
            "taint": [],
            "timeouts": {
              "create": null,
              "delete": null,
              "update": null
            },
            "update_config": [
              {
                "max_unavailable": 0,
                "max_unavailable_percentage": 50
              }
            ],
            "version": "1.28"
          },
          "sensitive_attributes": [],
          "private": "eyJlMmJmYjczMC1lY2FhLTExZTYtOGY4OC0zNDM2M2JjN2M0YzAiOnsiY3JlYXRlIjozNjAwMDAwMDAwMDAwLCJkZWxldGUiOjM2MDAwMDAwMDAwMDAsInVwZGF0ZSI6MzYwMDAwMDAwMDAwMH19",
          "dependencies": [
            "data.aws_vpc.vpc",
            "module.eks-blue.data.aws_subnets.private",
            "module.eks-blue.module.eks.aws_cloudwatch_log_group.this",
            "module.eks-blue.module.eks.aws_eks_cluster.this",
            "module.eks-blue.module.eks.aws_iam_policy.cni_ipv6_policy",
            "module.eks-blue.module.eks.aws_iam_role.this",
            "module.eks-blue.module.eks.aws_iam_role_policy_attachment.this",
            "module.eks-blue.module.eks.aws_security_group.cluster",
            "module.eks-blue.module.eks.aws_security_group.node",
            "module.eks-blue.module.eks.aws_security_group_rule.cluster",
            "module.eks-blue.module.eks.aws_security_group_rule.node",
            "module.eks-blue.module.eks.data.aws_caller_identity.current",
            "module.eks-blue.module.eks.data.aws_iam_policy_document.assume_role_policy",
            "module.eks-blue.module.eks.data.aws_iam_policy_document.cni_ipv6_policy",
            "module.eks-blue.module.eks.data.aws_iam_session_context.current",
            "module.eks-blue.module.eks.data.aws_partition.current",
            "module.eks-blue.module.eks.module.eks_managed_node_group.aws_iam_role.this",
            "module.eks-blue.module.eks.module.eks_managed_node_group.aws_iam_role_policy_attachment.this",
            "module.eks-blue.module.eks.module.eks_managed_node_group.aws_launch_template.this",
            "module.eks-blue.module.eks.module.eks_managed_node_group.data.aws_caller_identity.current",
            "module.eks-blue.module.eks.module.eks_managed_node_group.data.aws_iam_policy_document.assume_role_policy",
            "module.eks-blue.module.eks.module.eks_managed_node_group.data.aws_partition.current",
            "module.eks-blue.module.eks.module.eks_managed_node_group.module.user_data.data.cloudinit_config.linux_eks_managed_node_group",
            "module.eks-blue.module.eks.module.kms.aws_kms_external_key.this",
            "module.eks-blue.module.eks.module.kms.aws_kms_key.this",
            "module.eks-blue.module.eks.module.kms.aws_kms_replica_external_key.this",
            "module.eks-blue.module.eks.module.kms.aws_kms_replica_key.this",
            "module.eks-blue.module.eks.module.kms.data.aws_caller_identity.current",
            "module.eks-blue.module.eks.module.kms.data.aws_iam_policy_document.this",
            "module.eks-blue.module.eks.module.kms.data.aws_partition.current",
            "module.eks-blue.module.eks.time_sleep.this"
          ],
          "create_before_destroy": true
        }
      ]
    },
    {
      "module": "module.eks-blue.module.eks.module.eks_managed_node_group[\"default\"]",
      "mode": "managed",
      "type": "aws_iam_role",
      "name": "this",
      "provider": "provider[\"registry.terraform.io/hashicorp/aws\"]",
      "instances": [
        {
          "index_key": 0,
          "schema_version": 0,
          "attributes": {
            "arn": "arn:aws:iam::025118453985:role/default-eks-node-group-20240325091332112200000001",
            "assume_role_policy": "{\"Statement\":[{\"Action\":\"sts:AssumeRole\",\"Effect\":\"Allow\",\"Principal\":{\"Service\":\"ec2.amazonaws.com\"},\"Sid\":\"EKSNodeAssumeRole\"}],\"Version\":\"2012-10-17\"}",
            "create_date": "2024-03-25T09:13:32Z",
            "description": "EKS managed node group IAM role",
            "force_detach_policies": true,
            "id": "default-eks-node-group-20240325091332112200000001",
            "inline_policy": [],
            "managed_policy_arns": [
              "arn:aws:iam::aws:policy/AmazonEC2ContainerRegistryReadOnly",
              "arn:aws:iam::aws:policy/AmazonEKSWorkerNodePolicy",
              "arn:aws:iam::aws:policy/AmazonEKS_CNI_Policy"
            ],
            "max_session_duration": 3600,
            "name": "default-eks-node-group-20240325091332112200000001",
            "name_prefix": "default-eks-node-group-",
            "path": "/",
            "permissions_boundary": "",
            "tags": {},
            "tags_all": {},
            "unique_id": "AROAQLWJNGDQ2XWZYDUNU"
          },
          "sensitive_attributes": [],
          "private": "bnVsbA==",
          "dependencies": [
            "module.eks-blue.module.eks.module.eks_managed_node_group.data.aws_iam_policy_document.assume_role_policy",
            "module.eks-blue.module.eks.module.eks_managed_node_group.data.aws_partition.current"
          ],
          "create_before_destroy": true
        }
      ]
    },
    {
      "module": "module.eks-blue.module.eks.module.eks_managed_node_group[\"default\"]",
      "mode": "managed",
      "type": "aws_iam_role_policy_attachment",
      "name": "this",
      "provider": "provider[\"registry.terraform.io/hashicorp/aws\"]",
      "instances": [
        {
          "index_key": "arn:aws:iam::aws:policy/AmazonEC2ContainerRegistryReadOnly",
          "schema_version": 0,
          "attributes": {
            "id": "default-eks-node-group-20240325091332112200000001-20240325091332818900000003",
            "policy_arn": "arn:aws:iam::aws:policy/AmazonEC2ContainerRegistryReadOnly",
            "role": "default-eks-node-group-20240325091332112200000001"
          },
          "sensitive_attributes": [],
          "private": "bnVsbA==",
          "dependencies": [
            "module.eks-blue.module.eks.module.eks_managed_node_group.aws_iam_role.this",
            "module.eks-blue.module.eks.module.eks_managed_node_group.data.aws_caller_identity.current",
            "module.eks-blue.module.eks.module.eks_managed_node_group.data.aws_iam_policy_document.assume_role_policy",
            "module.eks-blue.module.eks.module.eks_managed_node_group.data.aws_partition.current"
          ],
          "create_before_destroy": true
        },
        {
          "index_key": "arn:aws:iam::aws:policy/AmazonEKSWorkerNodePolicy",
          "schema_version": 0,
          "attributes": {
            "id": "default-eks-node-group-20240325091332112200000001-20240325091332834100000004",
            "policy_arn": "arn:aws:iam::aws:policy/AmazonEKSWorkerNodePolicy",
            "role": "default-eks-node-group-20240325091332112200000001"
          },
          "sensitive_attributes": [],
          "private": "bnVsbA==",
          "dependencies": [
            "module.eks-blue.module.eks.module.eks_managed_node_group.aws_iam_role.this",
            "module.eks-blue.module.eks.module.eks_managed_node_group.data.aws_caller_identity.current",
            "module.eks-blue.module.eks.module.eks_managed_node_group.data.aws_iam_policy_document.assume_role_policy",
            "module.eks-blue.module.eks.module.eks_managed_node_group.data.aws_partition.current"
          ],
          "create_before_destroy": true
        },
        {
          "index_key": "arn:aws:iam::aws:policy/AmazonEKS_CNI_Policy",
          "schema_version": 0,
          "attributes": {
            "id": "default-eks-node-group-20240325091332112200000001-20240325091332939500000005",
            "policy_arn": "arn:aws:iam::aws:policy/AmazonEKS_CNI_Policy",
            "role": "default-eks-node-group-20240325091332112200000001"
          },
          "sensitive_attributes": [],
          "private": "bnVsbA==",
          "dependencies": [
            "module.eks-blue.module.eks.module.eks_managed_node_group.aws_iam_role.this",
            "module.eks-blue.module.eks.module.eks_managed_node_group.data.aws_caller_identity.current",
            "module.eks-blue.module.eks.module.eks_managed_node_group.data.aws_iam_policy_document.assume_role_policy",
            "module.eks-blue.module.eks.module.eks_managed_node_group.data.aws_partition.current"
          ],
          "create_before_destroy": true
        }
      ]
    },
    {
      "module": "module.eks-blue.module.eks.module.eks_managed_node_group[\"default\"]",
      "mode": "managed",
      "type": "aws_launch_template",
      "name": "this",
      "provider": "provider[\"registry.terraform.io/hashicorp/aws\"]",
      "instances": [
        {
          "index_key": 0,
          "schema_version": 0,
          "attributes": {
            "arn": "arn:aws:ec2:us-west-2:025118453985:launch-template/lt-0117198e17cd49d29",
            "block_device_mappings": [],
            "capacity_reservation_specification": [],
            "cpu_options": [],
            "credit_specification": [],
            "default_version": 1,
            "description": "Custom launch template for default EKS managed node group",
            "disable_api_stop": false,
            "disable_api_termination": false,
            "ebs_optimized": "",
            "elastic_gpu_specifications": [],
            "elastic_inference_accelerator": [],
            "enclave_options": [],
            "hibernation_options": [],
            "iam_instance_profile": [],
            "id": "lt-0117198e17cd49d29",
            "image_id": "",
            "instance_initiated_shutdown_behavior": "",
            "instance_market_options": [],
            "instance_requirements": [],
            "instance_type": "",
            "kernel_id": "",
            "key_name": "",
            "latest_version": 1,
            "license_specification": [],
            "maintenance_options": [],
            "metadata_options": [
              {
                "http_endpoint": "enabled",
                "http_protocol_ipv6": "",
                "http_put_response_hop_limit": 2,
                "http_tokens": "required",
                "instance_metadata_tags": ""
              }
            ],
            "monitoring": [
              {
                "enabled": true
              }
            ],
            "name": "default-2024032509233223700000000b",
            "name_prefix": "default-",
            "network_interfaces": [],
            "placement": [],
            "private_dns_name_options": [],
            "ram_disk_id": "",
            "security_group_names": [],
            "tag_specifications": [
              {
                "resource_type": "instance",
                "tags": {
                  "Name": "default"
                }
              },
              {
                "resource_type": "network-interface",
                "tags": {
                  "Name": "default"
                }
              },
              {
                "resource_type": "volume",
                "tags": {
                  "Name": "default"
                }
              }
            ],
            "tags": {},
            "tags_all": {},
            "update_default_version": true,
            "user_data": "",
            "vpc_security_group_ids": []
          },
          "sensitive_attributes": [],
          "private": "bnVsbA==",
          "dependencies": [
            "data.aws_vpc.vpc",
            "module.eks-blue.data.aws_subnets.private",
            "module.eks-blue.module.eks.aws_cloudwatch_log_group.this",
            "module.eks-blue.module.eks.aws_eks_cluster.this",
            "module.eks-blue.module.eks.aws_iam_policy.cni_ipv6_policy",
            "module.eks-blue.module.eks.aws_iam_role.this",
            "module.eks-blue.module.eks.aws_iam_role_policy_attachment.this",
            "module.eks-blue.module.eks.aws_security_group.cluster",
            "module.eks-blue.module.eks.aws_security_group.node",
            "module.eks-blue.module.eks.aws_security_group_rule.cluster",
            "module.eks-blue.module.eks.aws_security_group_rule.node",
            "module.eks-blue.module.eks.data.aws_caller_identity.current",
            "module.eks-blue.module.eks.data.aws_iam_policy_document.assume_role_policy",
            "module.eks-blue.module.eks.data.aws_iam_policy_document.cni_ipv6_policy",
            "module.eks-blue.module.eks.data.aws_iam_session_context.current",
            "module.eks-blue.module.eks.data.aws_partition.current",
            "module.eks-blue.module.eks.module.eks_managed_node_group.aws_iam_role.this",
            "module.eks-blue.module.eks.module.eks_managed_node_group.aws_iam_role_policy_attachment.this",
            "module.eks-blue.module.eks.module.eks_managed_node_group.data.aws_caller_identity.current",
            "module.eks-blue.module.eks.module.eks_managed_node_group.data.aws_iam_policy_document.assume_role_policy",
            "module.eks-blue.module.eks.module.eks_managed_node_group.data.aws_partition.current",
            "module.eks-blue.module.eks.module.eks_managed_node_group.module.user_data.data.cloudinit_config.linux_eks_managed_node_group",
            "module.eks-blue.module.eks.module.kms.aws_kms_external_key.this",
            "module.eks-blue.module.eks.module.kms.aws_kms_key.this",
            "module.eks-blue.module.eks.module.kms.aws_kms_replica_external_key.this",
            "module.eks-blue.module.eks.module.kms.aws_kms_replica_key.this",
            "module.eks-blue.module.eks.module.kms.data.aws_caller_identity.current",
            "module.eks-blue.module.eks.module.kms.data.aws_iam_policy_document.this",
            "module.eks-blue.module.eks.module.kms.data.aws_partition.current",
            "module.eks-blue.module.eks.time_sleep.this"
          ],
          "create_before_destroy": true
        }
      ]
    },
    {
      "module": "module.eks-blue.module.eks.module.kms",
      "mode": "data",
      "type": "aws_caller_identity",
      "name": "current",
      "provider": "provider[\"registry.terraform.io/hashicorp/aws\"]",
      "instances": [
        {
          "index_key": 0,
          "schema_version": 0,
          "attributes": {
            "account_id": "025118453985",
            "arn": "arn:aws:sts::025118453985:assumed-role/workshop-stack-Cloud9Stack-1V46I4-EksWorkshopC9Role-RfrXcaYFNQZu/i-0126e913f606f562d",
            "id": "025118453985",
            "user_id": "AROAQLWJNGDQ4R5MHSCVY:i-0126e913f606f562d"
          },
          "sensitive_attributes": []
        }
      ]
    },
    {
      "module": "module.eks-blue.module.eks.module.kms",
      "mode": "data",
      "type": "aws_iam_policy_document",
      "name": "this",
      "provider": "provider[\"registry.terraform.io/hashicorp/aws\"]",
      "instances": [
        {
          "index_key": 0,
          "schema_version": 0,
          "attributes": {
            "id": "569733472",
            "json": "{\n  \"Version\": \"2012-10-17\",\n  \"Statement\": [\n    {\n      \"Sid\": \"KeyAdministration\",\n      \"Effect\": \"Allow\",\n      \"Action\": [\n        \"kms:Update*\",\n        \"kms:UntagResource\",\n        \"kms:TagResource\",\n        \"kms:ScheduleKeyDeletion\",\n        \"kms:Revoke*\",\n        \"kms:ReplicateKey\",\n        \"kms:Put*\",\n        \"kms:List*\",\n        \"kms:ImportKeyMaterial\",\n        \"kms:Get*\",\n        \"kms:Enable*\",\n        \"kms:Disable*\",\n        \"kms:Describe*\",\n        \"kms:Delete*\",\n        \"kms:Create*\",\n        \"kms:CancelKeyDeletion\"\n      ],\n      \"Resource\": \"*\",\n      \"Principal\": {\n        \"AWS\": \"arn:aws:iam::025118453985:role/workshop-stack-Cloud9Stack-1V46I4-EksWorkshopC9Role-RfrXcaYFNQZu\"\n      }\n    },\n    {\n      \"Sid\": \"KeyUsage\",\n      \"Effect\": \"Allow\",\n      \"Action\": [\n        \"kms:ReEncrypt*\",\n        \"kms:GenerateDataKey*\",\n        \"kms:Encrypt\",\n        \"kms:DescribeKey\",\n        \"kms:Decrypt\"\n      ],\n      \"Resource\": \"*\",\n      \"Principal\": {\n        \"AWS\": \"arn:aws:iam::025118453985:role/eks-jam-cluster-blue-cluster-20240325091332118600000002\"\n      }\n    }\n  ]\n}",
            "override_json": null,
            "override_policy_documents": null,
            "policy_id": null,
            "source_json": null,
            "source_policy_documents": null,
            "statement": [
              {
                "actions": [
                  "kms:CancelKeyDeletion",
                  "kms:Create*",
                  "kms:Delete*",
                  "kms:Describe*",
                  "kms:Disable*",
                  "kms:Enable*",
                  "kms:Get*",
                  "kms:ImportKeyMaterial",
                  "kms:List*",
                  "kms:Put*",
                  "kms:ReplicateKey",
                  "kms:Revoke*",
                  "kms:ScheduleKeyDeletion",
                  "kms:TagResource",
                  "kms:UntagResource",
                  "kms:Update*"
                ],
                "condition": [],
                "effect": "Allow",
                "not_actions": [],
                "not_principals": [],
                "not_resources": [],
                "principals": [
                  {
                    "identifiers": [
                      "arn:aws:iam::025118453985:role/workshop-stack-Cloud9Stack-1V46I4-EksWorkshopC9Role-RfrXcaYFNQZu"
                    ],
                    "type": "AWS"
                  }
                ],
                "resources": [
                  "*"
                ],
                "sid": "KeyAdministration"
              },
              {
                "actions": [
                  "kms:Decrypt",
                  "kms:DescribeKey",
                  "kms:Encrypt",
                  "kms:GenerateDataKey*",
                  "kms:ReEncrypt*"
                ],
                "condition": [],
                "effect": "Allow",
                "not_actions": [],
                "not_principals": [],
                "not_resources": [],
                "principals": [
                  {
                    "identifiers": [
                      "arn:aws:iam::025118453985:role/eks-jam-cluster-blue-cluster-20240325091332118600000002"
                    ],
                    "type": "AWS"
                  }
                ],
                "resources": [
                  "*"
                ],
                "sid": "KeyUsage"
              }
            ],
            "version": "2012-10-17"
          },
          "sensitive_attributes": []
        }
      ]
    },
    {
      "module": "module.eks-blue.module.eks.module.kms",
      "mode": "data",
      "type": "aws_partition",
      "name": "current",
      "provider": "provider[\"registry.terraform.io/hashicorp/aws\"]",
      "instances": [
        {
          "index_key": 0,
          "schema_version": 0,
          "attributes": {
            "dns_suffix": "amazonaws.com",
            "id": "aws",
            "partition": "aws",
            "reverse_dns_prefix": "com.amazonaws"
          },
          "sensitive_attributes": []
        }
      ]
    },
    {
      "module": "module.eks-blue.module.eks.module.kms",
      "mode": "managed",
      "type": "aws_kms_alias",
      "name": "this",
      "provider": "provider[\"registry.terraform.io/hashicorp/aws\"]",
      "instances": [
        {
          "index_key": "cluster",
          "schema_version": 0,
          "attributes": {
            "arn": "arn:aws:kms:us-west-2:025118453985:alias/eks/eks-jam-cluster-blue",
            "id": "alias/eks/eks-jam-cluster-blue",
            "name": "alias/eks/eks-jam-cluster-blue",
            "name_prefix": "",
            "target_key_arn": "arn:aws:kms:us-west-2:025118453985:key/3b10a32b-3392-4538-8a91-ce6c33c959c0",
            "target_key_id": "3b10a32b-3392-4538-8a91-ce6c33c959c0"
          },
          "sensitive_attributes": [],
          "private": "bnVsbA==",
          "dependencies": [
            "module.eks-blue.module.eks.aws_iam_role.this",
            "module.eks-blue.module.eks.data.aws_caller_identity.current",
            "module.eks-blue.module.eks.data.aws_iam_policy_document.assume_role_policy",
            "module.eks-blue.module.eks.data.aws_iam_session_context.current",
            "module.eks-blue.module.eks.data.aws_partition.current",
            "module.eks-blue.module.eks.module.kms.aws_kms_external_key.this",
            "module.eks-blue.module.eks.module.kms.aws_kms_key.this",
            "module.eks-blue.module.eks.module.kms.aws_kms_replica_external_key.this",
            "module.eks-blue.module.eks.module.kms.aws_kms_replica_key.this",
            "module.eks-blue.module.eks.module.kms.data.aws_caller_identity.current",
            "module.eks-blue.module.eks.module.kms.data.aws_iam_policy_document.this",
            "module.eks-blue.module.eks.module.kms.data.aws_partition.current"
          ]
        }
      ]
    },
    {
      "module": "module.eks-blue.module.eks.module.kms",
      "mode": "managed",
      "type": "aws_kms_key",
      "name": "this",
      "provider": "provider[\"registry.terraform.io/hashicorp/aws\"]",
      "instances": [
        {
          "index_key": 0,
          "schema_version": 0,
          "attributes": {
            "arn": "arn:aws:kms:us-west-2:025118453985:key/3b10a32b-3392-4538-8a91-ce6c33c959c0",
            "bypass_policy_lockout_safety_check": false,
            "custom_key_store_id": "",
            "customer_master_key_spec": "SYMMETRIC_DEFAULT",
            "deletion_window_in_days": null,
            "description": "eks-jam-cluster-blue cluster encryption key",
            "enable_key_rotation": true,
            "id": "3b10a32b-3392-4538-8a91-ce6c33c959c0",
            "is_enabled": true,
            "key_id": "3b10a32b-3392-4538-8a91-ce6c33c959c0",
            "key_usage": "ENCRYPT_DECRYPT",
            "multi_region": false,
            "policy": "{\"Statement\":[{\"Action\":[\"kms:Update*\",\"kms:UntagResource\",\"kms:TagResource\",\"kms:ScheduleKeyDeletion\",\"kms:Revoke*\",\"kms:ReplicateKey\",\"kms:Put*\",\"kms:List*\",\"kms:ImportKeyMaterial\",\"kms:Get*\",\"kms:Enable*\",\"kms:Disable*\",\"kms:Describe*\",\"kms:Delete*\",\"kms:Create*\",\"kms:CancelKeyDeletion\"],\"Effect\":\"Allow\",\"Principal\":{\"AWS\":\"arn:aws:iam::025118453985:role/workshop-stack-Cloud9Stack-1V46I4-EksWorkshopC9Role-RfrXcaYFNQZu\"},\"Resource\":\"*\",\"Sid\":\"KeyAdministration\"},{\"Action\":[\"kms:ReEncrypt*\",\"kms:GenerateDataKey*\",\"kms:Encrypt\",\"kms:DescribeKey\",\"kms:Decrypt\"],\"Effect\":\"Allow\",\"Principal\":{\"AWS\":\"arn:aws:iam::025118453985:role/eks-jam-cluster-blue-cluster-20240325091332118600000002\"},\"Resource\":\"*\",\"Sid\":\"KeyUsage\"}],\"Version\":\"2012-10-17\"}",
            "tags": {},
            "tags_all": {},
            "timeouts": null,
            "xks_key_id": ""
          },
          "sensitive_attributes": [],
          "private": "eyJlMmJmYjczMC1lY2FhLTExZTYtOGY4OC0zNDM2M2JjN2M0YzAiOnsiY3JlYXRlIjoxMjAwMDAwMDAwMDB9fQ==",
          "dependencies": [
            "module.eks-blue.module.eks.aws_iam_role.this",
            "module.eks-blue.module.eks.data.aws_caller_identity.current",
            "module.eks-blue.module.eks.data.aws_iam_policy_document.assume_role_policy",
            "module.eks-blue.module.eks.data.aws_iam_session_context.current",
            "module.eks-blue.module.eks.data.aws_partition.current",
            "module.eks-blue.module.eks.module.kms.data.aws_caller_identity.current",
            "module.eks-blue.module.eks.module.kms.data.aws_iam_policy_document.this",
            "module.eks-blue.module.eks.module.kms.data.aws_partition.current"
          ],
          "create_before_destroy": true
        }
      ]
    }
  ],
  "check_results": null
}
