{
  "version": 4,
  "terraform_version": "1.5.5",
  "serial": 41,
  "lineage": "33c959a5-66cd-976f-d060-a7f672283d09",
  "outputs": {},
  "resources": [
    {
      "mode": "data",
      "type": "aws_availability_zones",
      "name": "available",
      "provider": "provider[\"registry.terraform.io/hashicorp/aws\"]",
      "instances": [
        {
          "schema_version": 0,
          "attributes": {
            "all_availability_zones": null,
            "exclude_names": null,
            "exclude_zone_ids": null,
            "filter": null,
            "group_names": [
              "us-west-2"
            ],
            "id": "us-west-2",
            "names": [
              "us-west-2a",
              "us-west-2b",
              "us-west-2c",
              "us-west-2d"
            ],
            "state": null,
            "timeouts": null,
            "zone_ids": [
              "usw2-az2",
              "usw2-az1",
              "usw2-az3",
              "usw2-az4"
            ]
          },
          "sensitive_attributes": []
        }
      ]
    },
    {
      "mode": "data",
      "type": "aws_iam_policy_document",
      "name": "gitops_access",
      "provider": "provider[\"registry.terraform.io/hashicorp/aws\"]",
      "instances": [
        {
          "schema_version": 0,
          "attributes": {
            "id": "1329998772",
            "json": "{\n  \"Version\": \"2012-10-17\",\n  \"Statement\": [\n    {\n      \"Effect\": \"Allow\",\n      \"Action\": [\n        \"codecommit:GitPush\",\n        \"codecommit:GitPull\"\n      ],\n      \"Resource\": \"arn:aws:codecommit:us-west-2:025118453985:eks-jam-gitops-repository\"\n    }\n  ]\n}",
            "override_json": null,
            "override_policy_documents": null,
            "policy_id": null,
            "source_json": null,
            "source_policy_documents": null,
            "statement": [
              {
                "actions": [
                  "codecommit:GitPull",
                  "codecommit:GitPush"
                ],
                "condition": [],
                "effect": "Allow",
                "not_actions": [],
                "not_principals": [],
                "not_resources": [],
                "principals": [],
                "resources": [
                  "arn:aws:codecommit:us-west-2:025118453985:eks-jam-gitops-repository"
                ],
                "sid": ""
              }
            ],
            "version": "2012-10-17"
          },
          "sensitive_attributes": []
        }
      ]
    },
    {
      "mode": "data",
      "type": "aws_region",
      "name": "current",
      "provider": "provider[\"registry.terraform.io/hashicorp/aws\"]",
      "instances": [
        {
          "schema_version": 0,
          "attributes": {
            "description": "US West (Oregon)",
            "endpoint": "ec2.us-west-2.amazonaws.com",
            "id": "us-west-2",
            "name": "us-west-2"
          },
          "sensitive_attributes": []
        }
      ]
    },
    {
      "mode": "managed",
      "type": "aws_codecommit_repository",
      "name": "gitops",
      "provider": "provider[\"registry.terraform.io/hashicorp/aws\"]",
      "instances": [
        {
          "schema_version": 0,
          "attributes": {
            "arn": "arn:aws:codecommit:us-west-2:025118453985:eks-jam-gitops-repository",
            "clone_url_http": "https://git-codecommit.us-west-2.amazonaws.com/v1/repos/eks-jam-gitops-repository",
            "clone_url_ssh": "ssh://git-codecommit.us-west-2.amazonaws.com/v1/repos/eks-jam-gitops-repository",
            "default_branch": null,
            "description": "CodeCommit repository for GitOps",
            "id": "eks-jam-gitops-repository",
            "kms_key_id": "arn:aws:kms:us-west-2:025118453985:key/487eacbe-78a2-49dd-b4d6-f364f8ccffa4",
            "repository_id": "dc4d2159-41ff-49d8-81f5-2dadd9062775",
            "repository_name": "eks-jam-gitops-repository",
            "tags": null,
            "tags_all": {}
          },
          "sensitive_attributes": [],
          "private": "bnVsbA=="
        }
      ]
    },
    {
      "mode": "managed",
      "type": "aws_iam_policy",
      "name": "gitops_access",
      "provider": "provider[\"registry.terraform.io/hashicorp/aws\"]",
      "instances": [
        {
          "schema_version": 0,
          "attributes": {
            "arn": "arn:aws:iam::025118453985:policy/eks-jam-gitops",
            "description": "",
            "id": "arn:aws:iam::025118453985:policy/eks-jam-gitops",
            "name": "eks-jam-gitops",
            "name_prefix": "",
            "path": "/",
            "policy": "{\"Statement\":[{\"Action\":[\"codecommit:GitPush\",\"codecommit:GitPull\"],\"Effect\":\"Allow\",\"Resource\":\"arn:aws:codecommit:us-west-2:025118453985:eks-jam-gitops-repository\"}],\"Version\":\"2012-10-17\"}",
            "policy_id": "ANPAQLWJNGDQRJNIOPLOH",
            "tags": null,
            "tags_all": {}
          },
          "sensitive_attributes": [],
          "private": "bnVsbA==",
          "dependencies": [
            "aws_codecommit_repository.gitops",
            "data.aws_iam_policy_document.gitops_access"
          ]
        }
      ]
    },
    {
      "mode": "managed",
      "type": "aws_iam_user",
      "name": "gitops",
      "provider": "provider[\"registry.terraform.io/hashicorp/aws\"]",
      "instances": [
        {
          "schema_version": 0,
          "attributes": {
            "arn": "arn:aws:iam::025118453985:user/eks-jam-gitops",
            "force_destroy": false,
            "id": "eks-jam-gitops",
            "name": "eks-jam-gitops",
            "path": "/",
            "permissions_boundary": "",
            "tags": {},
            "tags_all": {},
            "unique_id": "AIDAQLWJNGDQTBEXLWJZI"
          },
          "sensitive_attributes": [],
          "private": "bnVsbA=="
        }
      ]
    },
    {
      "mode": "managed",
      "type": "aws_iam_user_policy_attachment",
      "name": "gitops_access",
      "provider": "provider[\"registry.terraform.io/hashicorp/aws\"]",
      "instances": [
        {
          "schema_version": 0,
          "attributes": {
            "id": "eks-jam-gitops-20240327035334573900000001",
            "policy_arn": "arn:aws:iam::025118453985:policy/eks-jam-gitops",
            "user": "eks-jam-gitops"
          },
          "sensitive_attributes": [],
          "private": "bnVsbA==",
          "dependencies": [
            "aws_codecommit_repository.gitops",
            "aws_iam_policy.gitops_access",
            "aws_iam_user.gitops",
            "data.aws_iam_policy_document.gitops_access"
          ]
        }
      ]
    },
    {
      "mode": "managed",
      "type": "aws_iam_user_ssh_key",
      "name": "gitops",
      "provider": "provider[\"registry.terraform.io/hashicorp/aws\"]",
      "instances": [
        {
          "schema_version": 0,
          "attributes": {
            "encoding": "SSH",
            "fingerprint": "bb:af:13:42:cf:51:f5:da:a1:f6:45:c2:66:e0:c3:2a",
            "id": "APKAQLWJNGDQ6P4MSN5G",
            "public_key": "ssh-rsa AAAAB3NzaC1yc2EAAAADAQABAAACAQCwpqSy0nP2t4iqmb6x+NvbTlHAE45sBkaKWFdHcvkdvDLUAFrAD7iakJNpCVVWIOGFa4dSAj8SPXsb+z1hbGuXDaGObo16RH87na2r6srOuvVED6ClIwM+pNGZsWFexs29Vu/eN/ya36TvWTNfKfCqki8jxcDrty/ZChN9tH/odecgckXDffX8yhYnW4MAMTxESd1zps326V4t1YPrxRsokt2gU7W0QUuJj+iTYoLo0sdg6jyaYNSeCmw+L3Rv50E6z7kfNyQMpq20/lzY+i6Fo53G78X0XnV6apI7PMInHgkgqxmDJZNdXKuXLoKoGlHcFQMCnaKtr/irDRbZTy2ma0kVRoHWfznBZBT6DvrC+p+2E7XHzaMWo8fk1txhApeT+2KihBTAJgkd0FYMk3CnTDgqeunVrvmqr+SEHpQVvAe2ICgtGFk/0DIwa8kcmWiTj/EHWegfsrqReKjAQLGRWciX2xTpH3f1hWagVPxARu/wB/nxx0ubaE+Nki5/tqC1yrTJYv8e45apOegH3/5KT4A5kQjCof1vtwvHbsyqJbfOAn/PxI9fkGbpM7TQ3/gbmE664lDVd8raR6Mm6oMtWZCyLCdPEf4mLVdK/5tQPP9GrwRgl36kEafeURBoxZBZorupgAB4rfkjiNypfBxJ9DUzGDvaeYa3uBjd9EjWLQ==",
            "ssh_public_key_id": "APKAQLWJNGDQ6P4MSN5G",
            "status": "Active",
            "username": "eks-jam-gitops"
          },
          "sensitive_attributes": [],
          "private": "bnVsbA==",
          "dependencies": [
            "aws_iam_user.gitops",
            "tls_private_key.gitops"
          ]
        }
      ]
    },
    {
      "mode": "managed",
      "type": "aws_secretsmanager_secret",
      "name": "argocd",
      "provider": "provider[\"registry.terraform.io/hashicorp/aws\"]",
      "instances": [
        {
          "schema_version": 0,
          "attributes": {
            "arn": "arn:aws:secretsmanager:us-west-2:025118453985:secret:argocd-admin-secret.eks-jam-gitops-JuweZR",
            "description": "",
            "force_overwrite_replica_secret": false,
            "id": "arn:aws:secretsmanager:us-west-2:025118453985:secret:argocd-admin-secret.eks-jam-gitops-JuweZR",
            "kms_key_id": "",
            "name": "argocd-admin-secret.eks-jam-gitops",
            "name_prefix": "",
            "policy": "",
            "recovery_window_in_days": 0,
            "replica": [],
            "tags": {},
            "tags_all": {}
          },
          "sensitive_attributes": [],
          "private": "bnVsbA=="
        }
      ]
    },
    {
      "mode": "managed",
      "type": "aws_secretsmanager_secret_version",
      "name": "argocd",
      "provider": "provider[\"registry.terraform.io/hashicorp/aws\"]",
      "instances": [
        {
          "schema_version": 0,
          "attributes": {
            "arn": "arn:aws:secretsmanager:us-west-2:025118453985:secret:argocd-admin-secret.eks-jam-gitops-JuweZR",
            "id": "arn:aws:secretsmanager:us-west-2:025118453985:secret:argocd-admin-secret.eks-jam-gitops-JuweZR|terraform-20240325085142810200000002",
            "secret_binary": "",
            "secret_id": "arn:aws:secretsmanager:us-west-2:025118453985:secret:argocd-admin-secret.eks-jam-gitops-JuweZR",
            "secret_string": "R\u003eDtR*b:(\u003eB1)eFJ",
            "version_id": "terraform-20240325085142810200000002",
            "version_stages": [
              "AWSCURRENT"
            ]
          },
          "sensitive_attributes": [
            [
              {
                "type": "get_attr",
                "value": "secret_string"
              }
            ]
          ],
          "private": "bnVsbA==",
          "dependencies": [
            "aws_secretsmanager_secret.argocd",
            "random_password.argocd"
          ]
        }
      ]
    },
    {
      "mode": "managed",
      "type": "local_file",
      "name": "ssh_config",
      "provider": "provider[\"registry.terraform.io/hashicorp/local\"]",
      "instances": [
        {
          "schema_version": 0,
          "attributes": {
            "content": "Host git-codecommit.*.amazonaws.com\n  User AIDAQLWJNGDQTBEXLWJZI\n  IdentityFile ~/.ssh/gitops_ssh.pem\n",
            "content_base64": null,
            "content_base64sha256": "DC6/Ltx7xd3xwJCXMX3VvBW9oXB877ww7zMYnIVW1pY=",
            "content_base64sha512": "q/LorjXHLtwMpa3nJGJNXM9hTVzkV8qVoWSxm/IS/RgfEWusYgIdhXznct0Jb2X8yGqoiFp+ShRMyVJ61HQDkg==",
            "content_md5": "82abe49d9b43e6921f0d7bccf5beb63a",
            "content_sha1": "ee42c2d74d334117dc6a093171a25c9451876cd7",
            "content_sha256": "0c2ebf2edc7bc5ddf1c09097317dd5bc15bda1707cefbc30ef33189c8556d696",
            "content_sha512": "abf2e8ae35c72edc0ca5ade724624d5ccf614d5ce457ca95a164b19bf212fd181f116bac62021d857ce772dd096f65fcc86aa8885a7e4a144cc9527ad4740392",
            "directory_permission": "0777",
            "file_permission": "0600",
            "filename": "/home/ec2-user/.ssh/config",
            "id": "ee42c2d74d334117dc6a093171a25c9451876cd7",
            "sensitive_content": null,
            "source": null
          },
          "sensitive_attributes": [],
          "dependencies": [
            "aws_iam_user.gitops"
          ]
        }
      ]
    },
    {
      "mode": "managed",
      "type": "local_file",
      "name": "ssh_private_key",
      "provider": "provider[\"registry.terraform.io/hashicorp/local\"]",
      "instances": [
        {
          "schema_version": 0,
          "attributes": {
            "content": "-----BEGIN RSA PRIVATE KEY-----\nMIIJKgIBAAKCAgEAsKakstJz9reIqpm+sfjb205RwBOObAZGilhXR3L5Hbwy1ABa\nwA+4mpCTaQlVViDhhWuHUgI/Ej17G/s9YWxrlw2hjm6NekR/O52tq+rKzrr1RA+g\npSMDPqTRmbFhXsbNvVbv3jf8mt+k71kzXynwqpIvI8XA67cv2QoTfbR/6HXnIHJF\nw331/MoWJ1uDADE8REndc6bN9uleLdWD68UbKJLdoFO1tEFLiY/ok2KC6NLHYOo8\nmmDUngpsPi90b+dBOs+5HzckDKattP5c2PouhaOdxu/F9F51emqSOzzCJx4JIKsZ\ngyWTXVyrly6CqBpR3BUDAp2ira/4qw0W2U8tpmtJFUaB1n85wWQU+g76wvqfthO1\nx82jFqPH5NbcYQKXk/tiooQUwCYJHdBWDJNwp0w4Knrp1a75qq/khB6UFbwHtiAo\nLRhZP9AyMGvJHJlok4/xB1noH7K6kXiowECxkVnIl9sU6R939YVmoFT8QEbv8Af5\n8cdLm2hPjZIuf7agtcq0yWL/HuOWqTnoB9/+Sk+AOZEIwqH9b7cLx27MqiW3zgJ/\nz8SPX5Bm6TO00N/4G5hOuuJQ1XfK2kejJuqDLVmQsiwnTxH+Ji1XSv+bUDz/Rq8E\nYJd+pBGn3lEQaMWQWaK7qYAAeK35I4jcqXwcSfQ1Mxg72nmGt7gY3fRI1i0CAwEA\nAQKCAgEAqwtgU+nk8RH7Gb0uYSMmtq2aCJKnB7/304MAV6Viw0D0MkR5mpheVgMB\nSOYJpBDIbSiV6XlVWrL/HjPh1hBmCOfg84nmIWpri+z8OYdpgkySqak8EknZnXF3\npgqTznJOyjOApLmvNMKx8DN9w3pXlsFfNZMIXvSMNupDvybj5tEqz0b2d/jiEzgV\nxVwddzU1NqYS8CWmLpr+XwDr8IF0749tWw1S1kuW+YbHWtY7DXbyKMwFjDGQDcrn\nzjqi0qunhGuXwzrgBAPsFGFqw4lTPIEVh4epNBm2RKcmGoeVMs0pZ2FknZDnpLHT\nT9pwFpcNhj0uIf1ChEzsSaut4RKCjpEGhIZUWtTukWMppjgAIlRd0tvVIOjWw9q9\nYfUbcXpueF6dxFwz13JV7jTIm7ruhlQwZErx9FFDsSrIykc/StX9nAgOfLGnZMV1\ndS60vtHsUJe6XrzlHkEUFOEsSxaECLbOC/6WRZKI9JUU6FZUfp1zTvqDmQQgZnUA\nCmWLXyW2dE8cB12qiYDTb82OcUPi328ZASt2THVWFoffRQE0zHpd8Vi7VEow5FTl\nwnqZ2k7k8vIx7cCtWeIUs367xI4S2WqjolwW+jWiT6GW+f28jiM4eRjRlb9A2Bm/\nXAgfFtKc9KkymA/EBb8mpW+TInOnkR2zTFvGTfLXUdolpbxV84ECggEBAMP04hV9\nTvPHEVrKnhwih75agaHKcOdGKExFFUh/wxXdA2HpvCTr1ls7G+PQcaEReYw029hQ\n7kl2wuwlZToq9EQeflSdhXl+l7Q5Tcjm9utjutT1iCbMhtIOGudfLtNZEBtgk7M5\nT1gMj0YEDBU2ICOkJIAZNwXUUFSCSfmpG6lMN+xLiT8qf7MlfXa9lrPE+Jnfz0XD\n38qPFA5abea0AQ6hskfQJJu/t6Oz+8cfRUof+fi+d5JZI+4HZYZiUdUCz12T4lDq\ng7Nv3ojotjmWGWpdu1hN26VmpoLr9jII82+UsrLecMDaD0S1kmbEGcZdDk3Z2bb3\nHZPQJsiar7sd7Q0CggEBAObHZi9KobB8EOEHWmeoiIucYjTlyhXTt1AcetG3M/+e\nAum8mS5RDRtsVziC6IfmQG3/iYmcwGFw1pvy9ts9EpXCKqH7omM3PZDfAM22Btj1\nbgNGovMshzoip3MBebHNUrSgVLFFRtLtU0U7lBpZXOv7q2UThsBpT/P/fAtcPjHN\nExzfKToONbJdWB5lE4ZfSLSIFW2ZNbjgrz+R1bgpMa0mXg6rBFy2/RNuYmc4qVvk\nPBM8yXKwkmRkYARn7EDRwGzzI0sdAvVjsYdylr1FnwDq1CvnLIILcES4X6Y/djNN\nORvIpFu2zHqhM/lR1+AEf2IpG0wDdg5BjPKkQIXLhaECggEBAIfvXdLYfaegxco8\n2pfb4FzNfjXVMKNPSO830T7c2mFVU15d/ZWDQM1C4OMVm23HqJD5rjSOV+8AgtG8\nU0+Zsp96o9pg99HDXsu4INyoVEwQf+/xcASyRyh6fnFY1yvoEcNcKLngnMkQ1WcV\nsagZRwxSdruiQkg584vcYiLeDAFSjUzPTaNTAQkuja2McXm9v1NHLgtQiPOEc75N\nPwYWgtE6nGky2+JriaH3XkbQy4lTS14iCuKsEb+yw9wIYoopC973krzdIoWcqjxB\nav/hvznJUgg84o0H+6TAuaYWDYGvHpP0uTUfUA4zAx9lFBhGP4EECgLhxFPgxrbM\nj/F3HhUCggEAUWrNmSeaTZonlkwyz9k8ewyr9P+QwQyVYpT5m50noinL20xnOljr\n593cE5rTkIZh+qypiDwd/wKBJDmeb5BnSyBaTBVrn9cwSDj0np52YfqMWmmEOYhf\nGNp6+u7tURYf9IuP9Y58QxPpScaQJI+cYcDDIgC2jJFa3LkouRVM9+LiuE/eypWS\nyh92ZBrCvahGDTLpZGYl9tiF20aHANa/qNedXU1mV5NTS5So8MOjtECcFSlf5K94\npiRnX4aOafvWCFnq/Kf6kDoguqlpltLGGtu+CNMg96wzansle5BuEgFPgYbSvWyL\nTUQsAuyl3WmYyze3YqTh9HuZz0y1Wr6HoQKCAQEAknHte8MvVVV396nk1AbMqz26\nlMNQ/sMUTHONar+v3oWv1KzM3QOmZIIlb+FKuScbkAekLF9R3f3gcC0SGyTuQj5Z\nLw7J6BVK9IjQSIa+vRZ6kvSKc+awWLdfrRrd9CXZj//YdSJkrA/uuhJbtj8FbRWh\nhNJnudf8R77QTEQTYCAu2otUzPDoTBe+4tIIWB4yjqrebVPjjm4txHOfjZ73K312\nYtl4f32gCy9TRMvyeC1GInSYFBWjnBA97NnsYj/EEgkvIDwd8SQ3zmiBiylagtTF\nDmEH5MoQ9CmlLZhwWyYR1L8yzl8h8x3yHHwb/YI29w70zaEfsKDwkMhs4UGErg==\n-----END RSA PRIVATE KEY-----\n",
            "content_base64": null,
            "content_base64sha256": "sw1Pc5UXsUxNSxh5bX4o6D2SHk6VpyBFH5G0KM6oSMs=",
            "content_base64sha512": "2fuxYPngqrXmUaFPA/4LuJIGZrfQr1y7YQSnrZzmn0XoARskahpVRvbXXy0lSHMA5/gTjJWaD+dAvOw4eti0lg==",
            "content_md5": "9ec3370295995fc87f9b2d7a0fea1837",
            "content_sha1": "66d38c4ed52abba84b58a871e5513939f38c46af",
            "content_sha256": "b30d4f739517b14c4d4b18796d7e28e83d921e4e95a720451f91b428cea848cb",
            "content_sha512": "d9fbb160f9e0aab5e651a14f03fe0bb8920666b7d0af5cbb6104a7ad9ce69f45e8011b246a1a5546f6d75f2d25487300e7f8138c959a0fe740bcec387ad8b496",
            "directory_permission": "0777",
            "file_permission": "0400",
            "filename": "/home/ec2-user/.ssh/gitops_ssh.pem",
            "id": "66d38c4ed52abba84b58a871e5513939f38c46af",
            "sensitive_content": null,
            "source": null
          },
          "sensitive_attributes": [
            [
              {
                "type": "get_attr",
                "value": "content"
              }
            ]
          ],
          "dependencies": [
            "tls_private_key.gitops"
          ]
        }
      ]
    },
    {
      "mode": "managed",
      "type": "random_password",
      "name": "argocd",
      "provider": "provider[\"registry.terraform.io/hashicorp/random\"]",
      "instances": [
        {
          "schema_version": 3,
          "attributes": {
            "bcrypt_hash": "$2a$10$11E.nNarTO.Qpj9TwQboPOaHzQFGbgJitB/d1ElzhF2/qvTbY/th6",
            "id": "none",
            "keepers": null,
            "length": 16,
            "lower": true,
            "min_lower": 0,
            "min_numeric": 0,
            "min_special": 0,
            "min_upper": 0,
            "number": true,
            "numeric": true,
            "override_special": "!#$%\u0026*()-_=+[]{}\u003c\u003e:?",
            "result": "R\u003eDtR*b:(\u003eB1)eFJ",
            "special": true,
            "upper": true
          },
          "sensitive_attributes": []
        }
      ]
    },
    {
      "mode": "managed",
      "type": "tls_private_key",
      "name": "gitops",
      "provider": "provider[\"registry.terraform.io/hashicorp/tls\"]",
      "instances": [
        {
          "schema_version": 1,
          "attributes": {
            "algorithm": "RSA",
            "ecdsa_curve": "P224",
            "id": "ab73503e884bf37ff24c5d10ca670719c032e62e",
            "private_key_openssh": "-----BEGIN OPENSSH PRIVATE KEY-----\nb3BlbnNzaC1rZXktdjEAAAAABG5vbmUAAAAEbm9uZQAAAAAAAAABAAACFwAAAAdz\nc2gtcnNhAAAAAwEAAQAAAgEAsKakstJz9reIqpm+sfjb205RwBOObAZGilhXR3L5\nHbwy1ABawA+4mpCTaQlVViDhhWuHUgI/Ej17G/s9YWxrlw2hjm6NekR/O52tq+rK\nzrr1RA+gpSMDPqTRmbFhXsbNvVbv3jf8mt+k71kzXynwqpIvI8XA67cv2QoTfbR/\n6HXnIHJFw331/MoWJ1uDADE8REndc6bN9uleLdWD68UbKJLdoFO1tEFLiY/ok2KC\n6NLHYOo8mmDUngpsPi90b+dBOs+5HzckDKattP5c2PouhaOdxu/F9F51emqSOzzC\nJx4JIKsZgyWTXVyrly6CqBpR3BUDAp2ira/4qw0W2U8tpmtJFUaB1n85wWQU+g76\nwvqfthO1x82jFqPH5NbcYQKXk/tiooQUwCYJHdBWDJNwp0w4Knrp1a75qq/khB6U\nFbwHtiAoLRhZP9AyMGvJHJlok4/xB1noH7K6kXiowECxkVnIl9sU6R939YVmoFT8\nQEbv8Af58cdLm2hPjZIuf7agtcq0yWL/HuOWqTnoB9/+Sk+AOZEIwqH9b7cLx27M\nqiW3zgJ/z8SPX5Bm6TO00N/4G5hOuuJQ1XfK2kejJuqDLVmQsiwnTxH+Ji1XSv+b\nUDz/Rq8EYJd+pBGn3lEQaMWQWaK7qYAAeK35I4jcqXwcSfQ1Mxg72nmGt7gY3fRI\n1i0AAAc4Oj7cLzo+3C8AAAAHc3NoLXJzYQAAAgEAsKakstJz9reIqpm+sfjb205R\nwBOObAZGilhXR3L5Hbwy1ABawA+4mpCTaQlVViDhhWuHUgI/Ej17G/s9YWxrlw2h\njm6NekR/O52tq+rKzrr1RA+gpSMDPqTRmbFhXsbNvVbv3jf8mt+k71kzXynwqpIv\nI8XA67cv2QoTfbR/6HXnIHJFw331/MoWJ1uDADE8REndc6bN9uleLdWD68UbKJLd\noFO1tEFLiY/ok2KC6NLHYOo8mmDUngpsPi90b+dBOs+5HzckDKattP5c2PouhaOd\nxu/F9F51emqSOzzCJx4JIKsZgyWTXVyrly6CqBpR3BUDAp2ira/4qw0W2U8tpmtJ\nFUaB1n85wWQU+g76wvqfthO1x82jFqPH5NbcYQKXk/tiooQUwCYJHdBWDJNwp0w4\nKnrp1a75qq/khB6UFbwHtiAoLRhZP9AyMGvJHJlok4/xB1noH7K6kXiowECxkVnI\nl9sU6R939YVmoFT8QEbv8Af58cdLm2hPjZIuf7agtcq0yWL/HuOWqTnoB9/+Sk+A\nOZEIwqH9b7cLx27MqiW3zgJ/z8SPX5Bm6TO00N/4G5hOuuJQ1XfK2kejJuqDLVmQ\nsiwnTxH+Ji1XSv+bUDz/Rq8EYJd+pBGn3lEQaMWQWaK7qYAAeK35I4jcqXwcSfQ1\nMxg72nmGt7gY3fRI1i0AAAADAQABAAACAQCrC2BT6eTxEfsZvS5hIya2rZoIkqcH\nv/fTgwBXpWLDQPQyRHmamF5WAwFI5gmkEMhtKJXpeVVasv8eM+HWEGYI5+DzieYh\namuL7Pw5h2mCTJKpqTwSSdmdcXemCpPOck7KM4Ckua80wrHwM33DeleWwV81kwhe\n9Iw26kO/JuPm0SrPRvZ3+OITOBXFXB13NTU2phLwJaYumv5fAOvwgXTvj21bDVLW\nS5b5hsda1jsNdvIozAWMMZANyufOOqLSq6eEa5fDOuAEA+wUYWrDiVM8gRWHh6k0\nGbZEpyYah5UyzSlnYWSdkOeksdNP2nAWlw2GPS4h/UKETOxJq63hEoKOkQaEhlRa\n1O6RYymmOAAiVF3S29Ug6NbD2r1h9Rtxem54Xp3EXDPXclXuNMibuu6GVDBkSvH0\nUUOxKsjKRz9K1f2cCA58sadkxXV1LrS+0exQl7pevOUeQRQU4SxLFoQIts4L/pZF\nkoj0lRToVlR+nXNO+oOZBCBmdQAKZYtfJbZ0TxwHXaqJgNNvzY5xQ+LfbxkBK3ZM\ndVYWh99FATTMel3xWLtUSjDkVOXCepnaTuTy8jHtwK1Z4hSzfrvEjhLZaqOiXBb6\nNaJPoZb5/byOIzh5GNGVv0DYGb9cCB8W0pz0qTKYD8QFvyalb5Mic6eRHbNMW8ZN\n8tdR2iWlvFXzgQAAAQEAknHte8MvVVV396nk1AbMqz26lMNQ/sMUTHONar+v3oWv\n1KzM3QOmZIIlb+FKuScbkAekLF9R3f3gcC0SGyTuQj5ZLw7J6BVK9IjQSIa+vRZ6\nkvSKc+awWLdfrRrd9CXZj//YdSJkrA/uuhJbtj8FbRWhhNJnudf8R77QTEQTYCAu\n2otUzPDoTBe+4tIIWB4yjqrebVPjjm4txHOfjZ73K312Ytl4f32gCy9TRMvyeC1G\nInSYFBWjnBA97NnsYj/EEgkvIDwd8SQ3zmiBiylagtTFDmEH5MoQ9CmlLZhwWyYR\n1L8yzl8h8x3yHHwb/YI29w70zaEfsKDwkMhs4UGErgAAAQEAw/TiFX1O88cRWsqe\nHCKHvlqBocpw50YoTEUVSH/DFd0DYem8JOvWWzsb49BxoRF5jDTb2FDuSXbC7CVl\nOir0RB5+VJ2FeX6XtDlNyOb262O61PWIJsyG0g4a518u01kQG2CTszlPWAyPRgQM\nFTYgI6QkgBk3BdRQVIJJ+akbqUw37EuJPyp/syV9dr2Ws8T4md/PRcPfyo8UDlpt\n5rQBDqGyR9Akm7+3o7P7xx9FSh/5+L53klkj7gdlhmJR1QLPXZPiUOqDs2/eiOi2\nOZYZal27WE3bpWamguv2Mgjzb5Syst5wwNoPRLWSZsQZxl0OTdnZtvcdk9AmyJqv\nux3tDQAAAQEA5sdmL0qhsHwQ4QdaZ6iIi5xiNOXKFdO3UBx60bcz/54C6byZLlEN\nG2xXOILoh+ZAbf+JiZzAYXDWm/L22z0SlcIqofuiYzc9kN8AzbYG2PVuA0ai8yyH\nOiKncwF5sc1StKBUsUVG0u1TRTuUGllc6/urZROGwGlP8/98C1w+Mc0THN8pOg41\nsl1YHmUThl9ItIgVbZk1uOCvP5HVuCkxrSZeDqsEXLb9E25iZzipW+Q8EzzJcrCS\nZGRgBGfsQNHAbPMjSx0C9WOxh3KWvUWfAOrUK+csggtwRLhfpj92M005G8ikW7bM\neqEz+VHX4AR/YikbTAN2DkGM8qRAhcuFoQAAAAAB\n-----END OPENSSH PRIVATE KEY-----\n",
            "private_key_pem": "-----BEGIN RSA PRIVATE KEY-----\nMIIJKgIBAAKCAgEAsKakstJz9reIqpm+sfjb205RwBOObAZGilhXR3L5Hbwy1ABa\nwA+4mpCTaQlVViDhhWuHUgI/Ej17G/s9YWxrlw2hjm6NekR/O52tq+rKzrr1RA+g\npSMDPqTRmbFhXsbNvVbv3jf8mt+k71kzXynwqpIvI8XA67cv2QoTfbR/6HXnIHJF\nw331/MoWJ1uDADE8REndc6bN9uleLdWD68UbKJLdoFO1tEFLiY/ok2KC6NLHYOo8\nmmDUngpsPi90b+dBOs+5HzckDKattP5c2PouhaOdxu/F9F51emqSOzzCJx4JIKsZ\ngyWTXVyrly6CqBpR3BUDAp2ira/4qw0W2U8tpmtJFUaB1n85wWQU+g76wvqfthO1\nx82jFqPH5NbcYQKXk/tiooQUwCYJHdBWDJNwp0w4Knrp1a75qq/khB6UFbwHtiAo\nLRhZP9AyMGvJHJlok4/xB1noH7K6kXiowECxkVnIl9sU6R939YVmoFT8QEbv8Af5\n8cdLm2hPjZIuf7agtcq0yWL/HuOWqTnoB9/+Sk+AOZEIwqH9b7cLx27MqiW3zgJ/\nz8SPX5Bm6TO00N/4G5hOuuJQ1XfK2kejJuqDLVmQsiwnTxH+Ji1XSv+bUDz/Rq8E\nYJd+pBGn3lEQaMWQWaK7qYAAeK35I4jcqXwcSfQ1Mxg72nmGt7gY3fRI1i0CAwEA\nAQKCAgEAqwtgU+nk8RH7Gb0uYSMmtq2aCJKnB7/304MAV6Viw0D0MkR5mpheVgMB\nSOYJpBDIbSiV6XlVWrL/HjPh1hBmCOfg84nmIWpri+z8OYdpgkySqak8EknZnXF3\npgqTznJOyjOApLmvNMKx8DN9w3pXlsFfNZMIXvSMNupDvybj5tEqz0b2d/jiEzgV\nxVwddzU1NqYS8CWmLpr+XwDr8IF0749tWw1S1kuW+YbHWtY7DXbyKMwFjDGQDcrn\nzjqi0qunhGuXwzrgBAPsFGFqw4lTPIEVh4epNBm2RKcmGoeVMs0pZ2FknZDnpLHT\nT9pwFpcNhj0uIf1ChEzsSaut4RKCjpEGhIZUWtTukWMppjgAIlRd0tvVIOjWw9q9\nYfUbcXpueF6dxFwz13JV7jTIm7ruhlQwZErx9FFDsSrIykc/StX9nAgOfLGnZMV1\ndS60vtHsUJe6XrzlHkEUFOEsSxaECLbOC/6WRZKI9JUU6FZUfp1zTvqDmQQgZnUA\nCmWLXyW2dE8cB12qiYDTb82OcUPi328ZASt2THVWFoffRQE0zHpd8Vi7VEow5FTl\nwnqZ2k7k8vIx7cCtWeIUs367xI4S2WqjolwW+jWiT6GW+f28jiM4eRjRlb9A2Bm/\nXAgfFtKc9KkymA/EBb8mpW+TInOnkR2zTFvGTfLXUdolpbxV84ECggEBAMP04hV9\nTvPHEVrKnhwih75agaHKcOdGKExFFUh/wxXdA2HpvCTr1ls7G+PQcaEReYw029hQ\n7kl2wuwlZToq9EQeflSdhXl+l7Q5Tcjm9utjutT1iCbMhtIOGudfLtNZEBtgk7M5\nT1gMj0YEDBU2ICOkJIAZNwXUUFSCSfmpG6lMN+xLiT8qf7MlfXa9lrPE+Jnfz0XD\n38qPFA5abea0AQ6hskfQJJu/t6Oz+8cfRUof+fi+d5JZI+4HZYZiUdUCz12T4lDq\ng7Nv3ojotjmWGWpdu1hN26VmpoLr9jII82+UsrLecMDaD0S1kmbEGcZdDk3Z2bb3\nHZPQJsiar7sd7Q0CggEBAObHZi9KobB8EOEHWmeoiIucYjTlyhXTt1AcetG3M/+e\nAum8mS5RDRtsVziC6IfmQG3/iYmcwGFw1pvy9ts9EpXCKqH7omM3PZDfAM22Btj1\nbgNGovMshzoip3MBebHNUrSgVLFFRtLtU0U7lBpZXOv7q2UThsBpT/P/fAtcPjHN\nExzfKToONbJdWB5lE4ZfSLSIFW2ZNbjgrz+R1bgpMa0mXg6rBFy2/RNuYmc4qVvk\nPBM8yXKwkmRkYARn7EDRwGzzI0sdAvVjsYdylr1FnwDq1CvnLIILcES4X6Y/djNN\nORvIpFu2zHqhM/lR1+AEf2IpG0wDdg5BjPKkQIXLhaECggEBAIfvXdLYfaegxco8\n2pfb4FzNfjXVMKNPSO830T7c2mFVU15d/ZWDQM1C4OMVm23HqJD5rjSOV+8AgtG8\nU0+Zsp96o9pg99HDXsu4INyoVEwQf+/xcASyRyh6fnFY1yvoEcNcKLngnMkQ1WcV\nsagZRwxSdruiQkg584vcYiLeDAFSjUzPTaNTAQkuja2McXm9v1NHLgtQiPOEc75N\nPwYWgtE6nGky2+JriaH3XkbQy4lTS14iCuKsEb+yw9wIYoopC973krzdIoWcqjxB\nav/hvznJUgg84o0H+6TAuaYWDYGvHpP0uTUfUA4zAx9lFBhGP4EECgLhxFPgxrbM\nj/F3HhUCggEAUWrNmSeaTZonlkwyz9k8ewyr9P+QwQyVYpT5m50noinL20xnOljr\n593cE5rTkIZh+qypiDwd/wKBJDmeb5BnSyBaTBVrn9cwSDj0np52YfqMWmmEOYhf\nGNp6+u7tURYf9IuP9Y58QxPpScaQJI+cYcDDIgC2jJFa3LkouRVM9+LiuE/eypWS\nyh92ZBrCvahGDTLpZGYl9tiF20aHANa/qNedXU1mV5NTS5So8MOjtECcFSlf5K94\npiRnX4aOafvWCFnq/Kf6kDoguqlpltLGGtu+CNMg96wzansle5BuEgFPgYbSvWyL\nTUQsAuyl3WmYyze3YqTh9HuZz0y1Wr6HoQKCAQEAknHte8MvVVV396nk1AbMqz26\nlMNQ/sMUTHONar+v3oWv1KzM3QOmZIIlb+FKuScbkAekLF9R3f3gcC0SGyTuQj5Z\nLw7J6BVK9IjQSIa+vRZ6kvSKc+awWLdfrRrd9CXZj//YdSJkrA/uuhJbtj8FbRWh\nhNJnudf8R77QTEQTYCAu2otUzPDoTBe+4tIIWB4yjqrebVPjjm4txHOfjZ73K312\nYtl4f32gCy9TRMvyeC1GInSYFBWjnBA97NnsYj/EEgkvIDwd8SQ3zmiBiylagtTF\nDmEH5MoQ9CmlLZhwWyYR1L8yzl8h8x3yHHwb/YI29w70zaEfsKDwkMhs4UGErg==\n-----END RSA PRIVATE KEY-----\n",
            "private_key_pem_pkcs8": "-----BEGIN PRIVATE KEY-----\nMIIJRAIBADANBgkqhkiG9w0BAQEFAASCCS4wggkqAgEAAoICAQCwpqSy0nP2t4iq\nmb6x+NvbTlHAE45sBkaKWFdHcvkdvDLUAFrAD7iakJNpCVVWIOGFa4dSAj8SPXsb\n+z1hbGuXDaGObo16RH87na2r6srOuvVED6ClIwM+pNGZsWFexs29Vu/eN/ya36Tv\nWTNfKfCqki8jxcDrty/ZChN9tH/odecgckXDffX8yhYnW4MAMTxESd1zps326V4t\n1YPrxRsokt2gU7W0QUuJj+iTYoLo0sdg6jyaYNSeCmw+L3Rv50E6z7kfNyQMpq20\n/lzY+i6Fo53G78X0XnV6apI7PMInHgkgqxmDJZNdXKuXLoKoGlHcFQMCnaKtr/ir\nDRbZTy2ma0kVRoHWfznBZBT6DvrC+p+2E7XHzaMWo8fk1txhApeT+2KihBTAJgkd\n0FYMk3CnTDgqeunVrvmqr+SEHpQVvAe2ICgtGFk/0DIwa8kcmWiTj/EHWegfsrqR\neKjAQLGRWciX2xTpH3f1hWagVPxARu/wB/nxx0ubaE+Nki5/tqC1yrTJYv8e45ap\nOegH3/5KT4A5kQjCof1vtwvHbsyqJbfOAn/PxI9fkGbpM7TQ3/gbmE664lDVd8ra\nR6Mm6oMtWZCyLCdPEf4mLVdK/5tQPP9GrwRgl36kEafeURBoxZBZorupgAB4rfkj\niNypfBxJ9DUzGDvaeYa3uBjd9EjWLQIDAQABAoICAQCrC2BT6eTxEfsZvS5hIya2\nrZoIkqcHv/fTgwBXpWLDQPQyRHmamF5WAwFI5gmkEMhtKJXpeVVasv8eM+HWEGYI\n5+DzieYhamuL7Pw5h2mCTJKpqTwSSdmdcXemCpPOck7KM4Ckua80wrHwM33DeleW\nwV81kwhe9Iw26kO/JuPm0SrPRvZ3+OITOBXFXB13NTU2phLwJaYumv5fAOvwgXTv\nj21bDVLWS5b5hsda1jsNdvIozAWMMZANyufOOqLSq6eEa5fDOuAEA+wUYWrDiVM8\ngRWHh6k0GbZEpyYah5UyzSlnYWSdkOeksdNP2nAWlw2GPS4h/UKETOxJq63hEoKO\nkQaEhlRa1O6RYymmOAAiVF3S29Ug6NbD2r1h9Rtxem54Xp3EXDPXclXuNMibuu6G\nVDBkSvH0UUOxKsjKRz9K1f2cCA58sadkxXV1LrS+0exQl7pevOUeQRQU4SxLFoQI\nts4L/pZFkoj0lRToVlR+nXNO+oOZBCBmdQAKZYtfJbZ0TxwHXaqJgNNvzY5xQ+Lf\nbxkBK3ZMdVYWh99FATTMel3xWLtUSjDkVOXCepnaTuTy8jHtwK1Z4hSzfrvEjhLZ\naqOiXBb6NaJPoZb5/byOIzh5GNGVv0DYGb9cCB8W0pz0qTKYD8QFvyalb5Mic6eR\nHbNMW8ZN8tdR2iWlvFXzgQKCAQEAw/TiFX1O88cRWsqeHCKHvlqBocpw50YoTEUV\nSH/DFd0DYem8JOvWWzsb49BxoRF5jDTb2FDuSXbC7CVlOir0RB5+VJ2FeX6XtDlN\nyOb262O61PWIJsyG0g4a518u01kQG2CTszlPWAyPRgQMFTYgI6QkgBk3BdRQVIJJ\n+akbqUw37EuJPyp/syV9dr2Ws8T4md/PRcPfyo8UDlpt5rQBDqGyR9Akm7+3o7P7\nxx9FSh/5+L53klkj7gdlhmJR1QLPXZPiUOqDs2/eiOi2OZYZal27WE3bpWamguv2\nMgjzb5Syst5wwNoPRLWSZsQZxl0OTdnZtvcdk9AmyJqvux3tDQKCAQEA5sdmL0qh\nsHwQ4QdaZ6iIi5xiNOXKFdO3UBx60bcz/54C6byZLlENG2xXOILoh+ZAbf+JiZzA\nYXDWm/L22z0SlcIqofuiYzc9kN8AzbYG2PVuA0ai8yyHOiKncwF5sc1StKBUsUVG\n0u1TRTuUGllc6/urZROGwGlP8/98C1w+Mc0THN8pOg41sl1YHmUThl9ItIgVbZk1\nuOCvP5HVuCkxrSZeDqsEXLb9E25iZzipW+Q8EzzJcrCSZGRgBGfsQNHAbPMjSx0C\n9WOxh3KWvUWfAOrUK+csggtwRLhfpj92M005G8ikW7bMeqEz+VHX4AR/YikbTAN2\nDkGM8qRAhcuFoQKCAQEAh+9d0th9p6DFyjzal9vgXM1+NdUwo09I7zfRPtzaYVVT\nXl39lYNAzULg4xWbbceokPmuNI5X7wCC0bxTT5myn3qj2mD30cNey7gg3KhUTBB/\n7/FwBLJHKHp+cVjXK+gRw1woueCcyRDVZxWxqBlHDFJ2u6JCSDnzi9xiIt4MAVKN\nTM9No1MBCS6NrYxxeb2/U0cuC1CI84Rzvk0/BhaC0TqcaTLb4muJofdeRtDLiVNL\nXiIK4qwRv7LD3AhiiikL3veSvN0ihZyqPEFq/+G/OclSCDzijQf7pMC5phYNga8e\nk/S5NR9QDjMDH2UUGEY/gQQKAuHEU+DGtsyP8XceFQKCAQBRas2ZJ5pNmieWTDLP\n2Tx7DKv0/5DBDJVilPmbnSeiKcvbTGc6WOvn3dwTmtOQhmH6rKmIPB3/AoEkOZ5v\nkGdLIFpMFWuf1zBIOPSennZh+oxaaYQ5iF8Y2nr67u1RFh/0i4/1jnxDE+lJxpAk\nj5xhwMMiALaMkVrcuSi5FUz34uK4T97KlZLKH3ZkGsK9qEYNMulkZiX22IXbRocA\n1r+o151dTWZXk1NLlKjww6O0QJwVKV/kr3imJGdfho5p+9YIWer8p/qQOiC6qWmW\n0sYa274I0yD3rDNqeyV7kG4SAU+BhtK9bItNRCwC7KXdaZjLN7dipOH0e5nPTLVa\nvoehAoIBAQCSce17wy9VVXf3qeTUBsyrPbqUw1D+wxRMc41qv6/eha/UrMzdA6Zk\ngiVv4Uq5JxuQB6QsX1Hd/eBwLRIbJO5CPlkvDsnoFUr0iNBIhr69FnqS9Ipz5rBY\nt1+tGt30JdmP/9h1ImSsD+66Elu2PwVtFaGE0me51/xHvtBMRBNgIC7ai1TM8OhM\nF77i0ghYHjKOqt5tU+OObi3Ec5+NnvcrfXZi2Xh/faALL1NEy/J4LUYidJgUFaOc\nED3s2exiP8QSCS8gPB3xJDfOaIGLKVqC1MUOYQfkyhD0KaUtmHBbJhHUvzLOXyHz\nHfIcfBv9gjb3DvTNoR+woPCQyGzhQYSu\n-----END PRIVATE KEY-----\n",
            "public_key_fingerprint_md5": "bb:af:13:42:cf:51:f5:da:a1:f6:45:c2:66:e0:c3:2a",
            "public_key_fingerprint_sha256": "SHA256:3QzN6Q2cNIWydtPru4PbwNYooFHMmdPoK+fn/hKpRKE",
            "public_key_openssh": "ssh-rsa AAAAB3NzaC1yc2EAAAADAQABAAACAQCwpqSy0nP2t4iqmb6x+NvbTlHAE45sBkaKWFdHcvkdvDLUAFrAD7iakJNpCVVWIOGFa4dSAj8SPXsb+z1hbGuXDaGObo16RH87na2r6srOuvVED6ClIwM+pNGZsWFexs29Vu/eN/ya36TvWTNfKfCqki8jxcDrty/ZChN9tH/odecgckXDffX8yhYnW4MAMTxESd1zps326V4t1YPrxRsokt2gU7W0QUuJj+iTYoLo0sdg6jyaYNSeCmw+L3Rv50E6z7kfNyQMpq20/lzY+i6Fo53G78X0XnV6apI7PMInHgkgqxmDJZNdXKuXLoKoGlHcFQMCnaKtr/irDRbZTy2ma0kVRoHWfznBZBT6DvrC+p+2E7XHzaMWo8fk1txhApeT+2KihBTAJgkd0FYMk3CnTDgqeunVrvmqr+SEHpQVvAe2ICgtGFk/0DIwa8kcmWiTj/EHWegfsrqReKjAQLGRWciX2xTpH3f1hWagVPxARu/wB/nxx0ubaE+Nki5/tqC1yrTJYv8e45apOegH3/5KT4A5kQjCof1vtwvHbsyqJbfOAn/PxI9fkGbpM7TQ3/gbmE664lDVd8raR6Mm6oMtWZCyLCdPEf4mLVdK/5tQPP9GrwRgl36kEafeURBoxZBZorupgAB4rfkjiNypfBxJ9DUzGDvaeYa3uBjd9EjWLQ==\n",
            "public_key_pem": "-----BEGIN PUBLIC KEY-----\nMIICIjANBgkqhkiG9w0BAQEFAAOCAg8AMIICCgKCAgEAsKakstJz9reIqpm+sfjb\n205RwBOObAZGilhXR3L5Hbwy1ABawA+4mpCTaQlVViDhhWuHUgI/Ej17G/s9YWxr\nlw2hjm6NekR/O52tq+rKzrr1RA+gpSMDPqTRmbFhXsbNvVbv3jf8mt+k71kzXynw\nqpIvI8XA67cv2QoTfbR/6HXnIHJFw331/MoWJ1uDADE8REndc6bN9uleLdWD68Ub\nKJLdoFO1tEFLiY/ok2KC6NLHYOo8mmDUngpsPi90b+dBOs+5HzckDKattP5c2Pou\nhaOdxu/F9F51emqSOzzCJx4JIKsZgyWTXVyrly6CqBpR3BUDAp2ira/4qw0W2U8t\npmtJFUaB1n85wWQU+g76wvqfthO1x82jFqPH5NbcYQKXk/tiooQUwCYJHdBWDJNw\np0w4Knrp1a75qq/khB6UFbwHtiAoLRhZP9AyMGvJHJlok4/xB1noH7K6kXiowECx\nkVnIl9sU6R939YVmoFT8QEbv8Af58cdLm2hPjZIuf7agtcq0yWL/HuOWqTnoB9/+\nSk+AOZEIwqH9b7cLx27MqiW3zgJ/z8SPX5Bm6TO00N/4G5hOuuJQ1XfK2kejJuqD\nLVmQsiwnTxH+Ji1XSv+bUDz/Rq8EYJd+pBGn3lEQaMWQWaK7qYAAeK35I4jcqXwc\nSfQ1Mxg72nmGt7gY3fRI1i0CAwEAAQ==\n-----END PUBLIC KEY-----\n",
            "rsa_bits": 4096
          },
          "sensitive_attributes": []
        }
      ]
    },
    {
      "module": "module.vpc",
      "mode": "managed",
      "type": "aws_default_network_acl",
      "name": "this",
      "provider": "provider[\"registry.terraform.io/hashicorp/aws\"]",
      "instances": [
        {
          "index_key": 0,
          "schema_version": 0,
          "attributes": {
            "arn": "arn:aws:ec2:us-west-2:025118453985:network-acl/acl-00f570dd258f9d623",
            "default_network_acl_id": "acl-00f570dd258f9d623",
            "egress": [
              {
                "action": "allow",
                "cidr_block": "",
                "from_port": 0,
                "icmp_code": 0,
                "icmp_type": 0,
                "ipv6_cidr_block": "::/0",
                "protocol": "-1",
                "rule_no": 101,
                "to_port": 0
              },
              {
                "action": "allow",
                "cidr_block": "0.0.0.0/0",
                "from_port": 0,
                "icmp_code": 0,
                "icmp_type": 0,
                "ipv6_cidr_block": "",
                "protocol": "-1",
                "rule_no": 100,
                "to_port": 0
              }
            ],
            "id": "acl-00f570dd258f9d623",
            "ingress": [
              {
                "action": "allow",
                "cidr_block": "",
                "from_port": 0,
                "icmp_code": 0,
                "icmp_type": 0,
                "ipv6_cidr_block": "::/0",
                "protocol": "-1",
                "rule_no": 101,
                "to_port": 0
              },
              {
                "action": "allow",
                "cidr_block": "0.0.0.0/0",
                "from_port": 0,
                "icmp_code": 0,
                "icmp_type": 0,
                "ipv6_cidr_block": "",
                "protocol": "-1",
                "rule_no": 100,
                "to_port": 0
              }
            ],
            "owner_id": "025118453985",
            "subnet_ids": [
              "subnet-00059a20d67d5e08e",
              "subnet-009247e59c53bbe52",
              "subnet-03ecbf8e85a3f8d45",
              "subnet-0526ac314c0e5f03a",
              "subnet-09f9abd3869edad56",
              "subnet-0cb05d8f519aaa190"
            ],
            "tags": {
              "Blueprint": "eks-jam-gitops",
              "GithubRepo": "github.com/aws-ia/terraform-aws-eks-blueprints",
              "Name": "eks-jam-gitops-default"
            },
            "tags_all": {
              "Blueprint": "eks-jam-gitops",
              "GithubRepo": "github.com/aws-ia/terraform-aws-eks-blueprints",
              "Name": "eks-jam-gitops-default"
            },
            "vpc_id": "vpc-0d2acf34e6676467f"
          },
          "sensitive_attributes": [],
          "private": "bnVsbA==",
          "dependencies": [
            "module.vpc.aws_vpc.this"
          ]
        }
      ]
    },
    {
      "module": "module.vpc",
      "mode": "managed",
      "type": "aws_default_route_table",
      "name": "default",
      "provider": "provider[\"registry.terraform.io/hashicorp/aws\"]",
      "instances": [
        {
          "index_key": 0,
          "schema_version": 0,
          "attributes": {
            "arn": "arn:aws:ec2:us-west-2:025118453985:route-table/rtb-050ae8e9a8002a998",
            "default_route_table_id": "rtb-050ae8e9a8002a998",
            "id": "rtb-050ae8e9a8002a998",
            "owner_id": "025118453985",
            "propagating_vgws": [],
            "route": [],
            "tags": {
              "Blueprint": "eks-jam-gitops",
              "GithubRepo": "github.com/aws-ia/terraform-aws-eks-blueprints",
              "Name": "eks-jam-gitops-default"
            },
            "tags_all": {
              "Blueprint": "eks-jam-gitops",
              "GithubRepo": "github.com/aws-ia/terraform-aws-eks-blueprints",
              "Name": "eks-jam-gitops-default"
            },
            "timeouts": {
              "create": "5m",
              "update": "5m"
            },
            "vpc_id": "vpc-0d2acf34e6676467f"
          },
          "sensitive_attributes": [],
          "private": "eyJlMmJmYjczMC1lY2FhLTExZTYtOGY4OC0zNDM2M2JjN2M0YzAiOnsiY3JlYXRlIjozMDAwMDAwMDAwMDAsInVwZGF0ZSI6MzAwMDAwMDAwMDAwfX0=",
          "dependencies": [
            "module.vpc.aws_vpc.this"
          ]
        }
      ]
    },
    {
      "module": "module.vpc",
      "mode": "managed",
      "type": "aws_default_security_group",
      "name": "this",
      "provider": "provider[\"registry.terraform.io/hashicorp/aws\"]",
      "instances": [
        {
          "index_key": 0,
          "schema_version": 1,
          "attributes": {
            "arn": "arn:aws:ec2:us-west-2:025118453985:security-group/sg-0c48d4561a2a07e20",
            "description": "default VPC security group",
            "egress": [],
            "id": "sg-0c48d4561a2a07e20",
            "ingress": [],
            "name": "default",
            "name_prefix": "",
            "owner_id": "025118453985",
            "revoke_rules_on_delete": false,
            "tags": {
              "Blueprint": "eks-jam-gitops",
              "GithubRepo": "github.com/aws-ia/terraform-aws-eks-blueprints",
              "Name": "eks-jam-gitops-default"
            },
            "tags_all": {
              "Blueprint": "eks-jam-gitops",
              "GithubRepo": "github.com/aws-ia/terraform-aws-eks-blueprints",
              "Name": "eks-jam-gitops-default"
            },
            "vpc_id": "vpc-0d2acf34e6676467f"
          },
          "sensitive_attributes": [],
          "private": "eyJzY2hlbWFfdmVyc2lvbiI6IjEifQ==",
          "dependencies": [
            "module.vpc.aws_vpc.this"
          ]
        }
      ]
    },
    {
      "module": "module.vpc",
      "mode": "managed",
      "type": "aws_eip",
      "name": "nat",
      "provider": "provider[\"registry.terraform.io/hashicorp/aws\"]",
      "instances": [
        {
          "index_key": 0,
          "schema_version": 0,
          "attributes": {
            "address": null,
            "allocation_id": "eipalloc-09630ea45da6b1ba9",
            "associate_with_private_ip": null,
            "association_id": "eipassoc-0f17047eb33303525",
            "carrier_ip": "",
            "customer_owned_ip": "",
            "customer_owned_ipv4_pool": "",
            "domain": "vpc",
            "id": "eipalloc-09630ea45da6b1ba9",
            "instance": "",
            "network_border_group": "us-west-2",
            "network_interface": "eni-0984b156d28437c6a",
            "private_dns": "ip-10-0-2-177.us-west-2.compute.internal",
            "private_ip": "10.0.2.177",
            "public_dns": "ec2-54-184-135-166.us-west-2.compute.amazonaws.com",
            "public_ip": "54.184.135.166",
            "public_ipv4_pool": "amazon",
            "tags": {
              "Blueprint": "eks-jam-gitops",
              "GithubRepo": "github.com/aws-ia/terraform-aws-eks-blueprints",
              "Name": "eks-jam-gitops-us-west-2a"
            },
            "tags_all": {
              "Blueprint": "eks-jam-gitops",
              "GithubRepo": "github.com/aws-ia/terraform-aws-eks-blueprints",
              "Name": "eks-jam-gitops-us-west-2a"
            },
            "timeouts": null,
            "vpc": true
          },
          "sensitive_attributes": [],
          "private": "eyJlMmJmYjczMC1lY2FhLTExZTYtOGY4OC0zNDM2M2JjN2M0YzAiOnsiZGVsZXRlIjoxODAwMDAwMDAwMDAsInJlYWQiOjkwMDAwMDAwMDAwMCwidXBkYXRlIjozMDAwMDAwMDAwMDB9fQ==",
          "dependencies": [
            "data.aws_availability_zones.available",
            "module.vpc.aws_internet_gateway.this",
            "module.vpc.aws_vpc.this",
            "module.vpc.aws_vpc_ipv4_cidr_block_association.this"
          ]
        }
      ]
    },
    {
      "module": "module.vpc",
      "mode": "managed",
      "type": "aws_internet_gateway",
      "name": "this",
      "provider": "provider[\"registry.terraform.io/hashicorp/aws\"]",
      "instances": [
        {
          "index_key": 0,
          "schema_version": 0,
          "attributes": {
            "arn": "arn:aws:ec2:us-west-2:025118453985:internet-gateway/igw-031b6e13d0744b308",
            "id": "igw-031b6e13d0744b308",
            "owner_id": "025118453985",
            "tags": {
              "Blueprint": "eks-jam-gitops",
              "GithubRepo": "github.com/aws-ia/terraform-aws-eks-blueprints",
              "Name": "eks-jam-gitops"
            },
            "tags_all": {
              "Blueprint": "eks-jam-gitops",
              "GithubRepo": "github.com/aws-ia/terraform-aws-eks-blueprints",
              "Name": "eks-jam-gitops"
            },
            "timeouts": null,
            "vpc_id": "vpc-0d2acf34e6676467f"
          },
          "sensitive_attributes": [],
          "private": "eyJlMmJmYjczMC1lY2FhLTExZTYtOGY4OC0zNDM2M2JjN2M0YzAiOnsiY3JlYXRlIjoxMjAwMDAwMDAwMDAwLCJkZWxldGUiOjEyMDAwMDAwMDAwMDAsInVwZGF0ZSI6MTIwMDAwMDAwMDAwMH19",
          "dependencies": [
            "data.aws_availability_zones.available",
            "module.vpc.aws_vpc.this",
            "module.vpc.aws_vpc_ipv4_cidr_block_association.this"
          ]
        }
      ]
    },
    {
      "module": "module.vpc",
      "mode": "managed",
      "type": "aws_nat_gateway",
      "name": "this",
      "provider": "provider[\"registry.terraform.io/hashicorp/aws\"]",
      "instances": [
        {
          "index_key": 0,
          "schema_version": 0,
          "attributes": {
            "allocation_id": "eipalloc-09630ea45da6b1ba9",
            "association_id": "eipassoc-0f17047eb33303525",
            "connectivity_type": "public",
            "id": "nat-0f8b4782894c589f2",
            "network_interface_id": "eni-0984b156d28437c6a",
            "private_ip": "10.0.2.177",
            "public_ip": "54.184.135.166",
            "secondary_allocation_ids": [],
            "secondary_private_ip_address_count": 0,
            "secondary_private_ip_addresses": [],
            "subnet_id": "subnet-00059a20d67d5e08e",
            "tags": {
              "Blueprint": "eks-jam-gitops",
              "GithubRepo": "github.com/aws-ia/terraform-aws-eks-blueprints",
              "Name": "eks-jam-gitops-us-west-2a"
            },
            "tags_all": {
              "Blueprint": "eks-jam-gitops",
              "GithubRepo": "github.com/aws-ia/terraform-aws-eks-blueprints",
              "Name": "eks-jam-gitops-us-west-2a"
            },
            "timeouts": null
          },
          "sensitive_attributes": [],
          "private": "eyJlMmJmYjczMC1lY2FhLTExZTYtOGY4OC0zNDM2M2JjN2M0YzAiOnsiY3JlYXRlIjo2MDAwMDAwMDAwMDAsImRlbGV0ZSI6MTgwMDAwMDAwMDAwMCwidXBkYXRlIjo2MDAwMDAwMDAwMDB9fQ==",
          "dependencies": [
            "data.aws_availability_zones.available",
            "module.vpc.aws_eip.nat",
            "module.vpc.aws_internet_gateway.this",
            "module.vpc.aws_subnet.public",
            "module.vpc.aws_vpc.this",
            "module.vpc.aws_vpc_ipv4_cidr_block_association.this"
          ]
        }
      ]
    },
    {
      "module": "module.vpc",
      "mode": "managed",
      "type": "aws_route",
      "name": "private_nat_gateway",
      "provider": "provider[\"registry.terraform.io/hashicorp/aws\"]",
      "instances": [
        {
          "index_key": 0,
          "schema_version": 0,
          "attributes": {
            "carrier_gateway_id": "",
            "core_network_arn": "",
            "destination_cidr_block": "0.0.0.0/0",
            "destination_ipv6_cidr_block": "",
            "destination_prefix_list_id": "",
            "egress_only_gateway_id": "",
            "gateway_id": "",
            "id": "r-rtb-03d096c433cfaf3d91080289494",
            "instance_id": "",
            "instance_owner_id": "",
            "local_gateway_id": "",
            "nat_gateway_id": "nat-0f8b4782894c589f2",
            "network_interface_id": "",
            "origin": "CreateRoute",
            "route_table_id": "rtb-03d096c433cfaf3d9",
            "state": "active",
            "timeouts": {
              "create": "5m",
              "delete": null,
              "update": null
            },
            "transit_gateway_id": "",
            "vpc_endpoint_id": "",
            "vpc_peering_connection_id": ""
          },
          "sensitive_attributes": [],
          "private": "eyJlMmJmYjczMC1lY2FhLTExZTYtOGY4OC0zNDM2M2JjN2M0YzAiOnsiY3JlYXRlIjozMDAwMDAwMDAwMDAsImRlbGV0ZSI6MzAwMDAwMDAwMDAwLCJ1cGRhdGUiOjEyMDAwMDAwMDAwMH19",
          "dependencies": [
            "data.aws_availability_zones.available",
            "module.vpc.aws_eip.nat",
            "module.vpc.aws_internet_gateway.this",
            "module.vpc.aws_nat_gateway.this",
            "module.vpc.aws_route_table.private",
            "module.vpc.aws_subnet.public",
            "module.vpc.aws_vpc.this",
            "module.vpc.aws_vpc_ipv4_cidr_block_association.this"
          ]
        }
      ]
    },
    {
      "module": "module.vpc",
      "mode": "managed",
      "type": "aws_route",
      "name": "public_internet_gateway",
      "provider": "provider[\"registry.terraform.io/hashicorp/aws\"]",
      "instances": [
        {
          "index_key": 0,
          "schema_version": 0,
          "attributes": {
            "carrier_gateway_id": "",
            "core_network_arn": "",
            "destination_cidr_block": "0.0.0.0/0",
            "destination_ipv6_cidr_block": "",
            "destination_prefix_list_id": "",
            "egress_only_gateway_id": "",
            "gateway_id": "igw-031b6e13d0744b308",
            "id": "r-rtb-0701666ab0945baae1080289494",
            "instance_id": "",
            "instance_owner_id": "",
            "local_gateway_id": "",
            "nat_gateway_id": "",
            "network_interface_id": "",
            "origin": "CreateRoute",
            "route_table_id": "rtb-0701666ab0945baae",
            "state": "active",
            "timeouts": {
              "create": "5m",
              "delete": null,
              "update": null
            },
            "transit_gateway_id": "",
            "vpc_endpoint_id": "",
            "vpc_peering_connection_id": ""
          },
          "sensitive_attributes": [],
          "private": "eyJlMmJmYjczMC1lY2FhLTExZTYtOGY4OC0zNDM2M2JjN2M0YzAiOnsiY3JlYXRlIjozMDAwMDAwMDAwMDAsImRlbGV0ZSI6MzAwMDAwMDAwMDAwLCJ1cGRhdGUiOjEyMDAwMDAwMDAwMH19",
          "dependencies": [
            "data.aws_availability_zones.available",
            "module.vpc.aws_internet_gateway.this",
            "module.vpc.aws_route_table.public",
            "module.vpc.aws_vpc.this",
            "module.vpc.aws_vpc_ipv4_cidr_block_association.this"
          ]
        }
      ]
    },
    {
      "module": "module.vpc",
      "mode": "managed",
      "type": "aws_route_table",
      "name": "private",
      "provider": "provider[\"registry.terraform.io/hashicorp/aws\"]",
      "instances": [
        {
          "index_key": 0,
          "schema_version": 0,
          "attributes": {
            "arn": "arn:aws:ec2:us-west-2:025118453985:route-table/rtb-03d096c433cfaf3d9",
            "id": "rtb-03d096c433cfaf3d9",
            "owner_id": "025118453985",
            "propagating_vgws": [],
            "route": [
              {
                "carrier_gateway_id": "",
                "cidr_block": "0.0.0.0/0",
                "core_network_arn": "",
                "destination_prefix_list_id": "",
                "egress_only_gateway_id": "",
                "gateway_id": "",
                "ipv6_cidr_block": "",
                "local_gateway_id": "",
                "nat_gateway_id": "nat-0f8b4782894c589f2",
                "network_interface_id": "",
                "transit_gateway_id": "",
                "vpc_endpoint_id": "",
                "vpc_peering_connection_id": ""
              }
            ],
            "tags": {
              "Blueprint": "eks-jam-gitops",
              "GithubRepo": "github.com/aws-ia/terraform-aws-eks-blueprints",
              "Name": "eks-jam-gitops-private"
            },
            "tags_all": {
              "Blueprint": "eks-jam-gitops",
              "GithubRepo": "github.com/aws-ia/terraform-aws-eks-blueprints",
              "Name": "eks-jam-gitops-private"
            },
            "timeouts": null,
            "vpc_id": "vpc-0d2acf34e6676467f"
          },
          "sensitive_attributes": [],
          "private": "eyJlMmJmYjczMC1lY2FhLTExZTYtOGY4OC0zNDM2M2JjN2M0YzAiOnsiY3JlYXRlIjozMDAwMDAwMDAwMDAsImRlbGV0ZSI6MzAwMDAwMDAwMDAwLCJ1cGRhdGUiOjEyMDAwMDAwMDAwMH19",
          "dependencies": [
            "data.aws_availability_zones.available",
            "module.vpc.aws_vpc.this",
            "module.vpc.aws_vpc_ipv4_cidr_block_association.this"
          ]
        }
      ]
    },
    {
      "module": "module.vpc",
      "mode": "managed",
      "type": "aws_route_table",
      "name": "public",
      "provider": "provider[\"registry.terraform.io/hashicorp/aws\"]",
      "instances": [
        {
          "index_key": 0,
          "schema_version": 0,
          "attributes": {
            "arn": "arn:aws:ec2:us-west-2:025118453985:route-table/rtb-0701666ab0945baae",
            "id": "rtb-0701666ab0945baae",
            "owner_id": "025118453985",
            "propagating_vgws": [],
            "route": [
              {
                "carrier_gateway_id": "",
                "cidr_block": "0.0.0.0/0",
                "core_network_arn": "",
                "destination_prefix_list_id": "",
                "egress_only_gateway_id": "",
                "gateway_id": "igw-031b6e13d0744b308",
                "ipv6_cidr_block": "",
                "local_gateway_id": "",
                "nat_gateway_id": "",
                "network_interface_id": "",
                "transit_gateway_id": "",
                "vpc_endpoint_id": "",
                "vpc_peering_connection_id": ""
              }
            ],
            "tags": {
              "Blueprint": "eks-jam-gitops",
              "GithubRepo": "github.com/aws-ia/terraform-aws-eks-blueprints",
              "Name": "eks-jam-gitops-public"
            },
            "tags_all": {
              "Blueprint": "eks-jam-gitops",
              "GithubRepo": "github.com/aws-ia/terraform-aws-eks-blueprints",
              "Name": "eks-jam-gitops-public"
            },
            "timeouts": null,
            "vpc_id": "vpc-0d2acf34e6676467f"
          },
          "sensitive_attributes": [],
          "private": "eyJlMmJmYjczMC1lY2FhLTExZTYtOGY4OC0zNDM2M2JjN2M0YzAiOnsiY3JlYXRlIjozMDAwMDAwMDAwMDAsImRlbGV0ZSI6MzAwMDAwMDAwMDAwLCJ1cGRhdGUiOjEyMDAwMDAwMDAwMH19",
          "dependencies": [
            "data.aws_availability_zones.available",
            "module.vpc.aws_vpc.this",
            "module.vpc.aws_vpc_ipv4_cidr_block_association.this"
          ]
        }
      ]
    },
    {
      "module": "module.vpc",
      "mode": "managed",
      "type": "aws_route_table_association",
      "name": "private",
      "provider": "provider[\"registry.terraform.io/hashicorp/aws\"]",
      "instances": [
        {
          "index_key": 0,
          "schema_version": 0,
          "attributes": {
            "gateway_id": "",
            "id": "rtbassoc-09e0962ce96056ac6",
            "route_table_id": "rtb-03d096c433cfaf3d9",
            "subnet_id": "subnet-09f9abd3869edad56",
            "timeouts": null
          },
          "sensitive_attributes": [],
          "private": "eyJlMmJmYjczMC1lY2FhLTExZTYtOGY4OC0zNDM2M2JjN2M0YzAiOnsiY3JlYXRlIjozMDAwMDAwMDAwMDAsImRlbGV0ZSI6MzAwMDAwMDAwMDAwLCJ1cGRhdGUiOjEyMDAwMDAwMDAwMH19",
          "dependencies": [
            "data.aws_availability_zones.available",
            "module.vpc.aws_route_table.private",
            "module.vpc.aws_subnet.private",
            "module.vpc.aws_vpc.this",
            "module.vpc.aws_vpc_ipv4_cidr_block_association.this"
          ]
        },
        {
          "index_key": 1,
          "schema_version": 0,
          "attributes": {
            "gateway_id": "",
            "id": "rtbassoc-0bb571e98bf2cc55b",
            "route_table_id": "rtb-03d096c433cfaf3d9",
            "subnet_id": "subnet-0cb05d8f519aaa190",
            "timeouts": null
          },
          "sensitive_attributes": [],
          "private": "eyJlMmJmYjczMC1lY2FhLTExZTYtOGY4OC0zNDM2M2JjN2M0YzAiOnsiY3JlYXRlIjozMDAwMDAwMDAwMDAsImRlbGV0ZSI6MzAwMDAwMDAwMDAwLCJ1cGRhdGUiOjEyMDAwMDAwMDAwMH19",
          "dependencies": [
            "data.aws_availability_zones.available",
            "module.vpc.aws_route_table.private",
            "module.vpc.aws_subnet.private",
            "module.vpc.aws_vpc.this",
            "module.vpc.aws_vpc_ipv4_cidr_block_association.this"
          ]
        },
        {
          "index_key": 2,
          "schema_version": 0,
          "attributes": {
            "gateway_id": "",
            "id": "rtbassoc-0d3a30f9493bd07ed",
            "route_table_id": "rtb-03d096c433cfaf3d9",
            "subnet_id": "subnet-009247e59c53bbe52",
            "timeouts": null
          },
          "sensitive_attributes": [],
          "private": "eyJlMmJmYjczMC1lY2FhLTExZTYtOGY4OC0zNDM2M2JjN2M0YzAiOnsiY3JlYXRlIjozMDAwMDAwMDAwMDAsImRlbGV0ZSI6MzAwMDAwMDAwMDAwLCJ1cGRhdGUiOjEyMDAwMDAwMDAwMH19",
          "dependencies": [
            "data.aws_availability_zones.available",
            "module.vpc.aws_route_table.private",
            "module.vpc.aws_subnet.private",
            "module.vpc.aws_vpc.this",
            "module.vpc.aws_vpc_ipv4_cidr_block_association.this"
          ]
        }
      ]
    },
    {
      "module": "module.vpc",
      "mode": "managed",
      "type": "aws_route_table_association",
      "name": "public",
      "provider": "provider[\"registry.terraform.io/hashicorp/aws\"]",
      "instances": [
        {
          "index_key": 0,
          "schema_version": 0,
          "attributes": {
            "gateway_id": "",
            "id": "rtbassoc-02cb36aaec759ea24",
            "route_table_id": "rtb-0701666ab0945baae",
            "subnet_id": "subnet-00059a20d67d5e08e",
            "timeouts": null
          },
          "sensitive_attributes": [],
          "private": "eyJlMmJmYjczMC1lY2FhLTExZTYtOGY4OC0zNDM2M2JjN2M0YzAiOnsiY3JlYXRlIjozMDAwMDAwMDAwMDAsImRlbGV0ZSI6MzAwMDAwMDAwMDAwLCJ1cGRhdGUiOjEyMDAwMDAwMDAwMH19",
          "dependencies": [
            "data.aws_availability_zones.available",
            "module.vpc.aws_route_table.public",
            "module.vpc.aws_subnet.public",
            "module.vpc.aws_vpc.this",
            "module.vpc.aws_vpc_ipv4_cidr_block_association.this"
          ]
        },
        {
          "index_key": 1,
          "schema_version": 0,
          "attributes": {
            "gateway_id": "",
            "id": "rtbassoc-0d807764515e5b644",
            "route_table_id": "rtb-0701666ab0945baae",
            "subnet_id": "subnet-03ecbf8e85a3f8d45",
            "timeouts": null
          },
          "sensitive_attributes": [],
          "private": "eyJlMmJmYjczMC1lY2FhLTExZTYtOGY4OC0zNDM2M2JjN2M0YzAiOnsiY3JlYXRlIjozMDAwMDAwMDAwMDAsImRlbGV0ZSI6MzAwMDAwMDAwMDAwLCJ1cGRhdGUiOjEyMDAwMDAwMDAwMH19",
          "dependencies": [
            "data.aws_availability_zones.available",
            "module.vpc.aws_route_table.public",
            "module.vpc.aws_subnet.public",
            "module.vpc.aws_vpc.this",
            "module.vpc.aws_vpc_ipv4_cidr_block_association.this"
          ]
        },
        {
          "index_key": 2,
          "schema_version": 0,
          "attributes": {
            "gateway_id": "",
            "id": "rtbassoc-04b02026d866838e7",
            "route_table_id": "rtb-0701666ab0945baae",
            "subnet_id": "subnet-0526ac314c0e5f03a",
            "timeouts": null
          },
          "sensitive_attributes": [],
          "private": "eyJlMmJmYjczMC1lY2FhLTExZTYtOGY4OC0zNDM2M2JjN2M0YzAiOnsiY3JlYXRlIjozMDAwMDAwMDAwMDAsImRlbGV0ZSI6MzAwMDAwMDAwMDAwLCJ1cGRhdGUiOjEyMDAwMDAwMDAwMH19",
          "dependencies": [
            "data.aws_availability_zones.available",
            "module.vpc.aws_route_table.public",
            "module.vpc.aws_subnet.public",
            "module.vpc.aws_vpc.this",
            "module.vpc.aws_vpc_ipv4_cidr_block_association.this"
          ]
        }
      ]
    },
    {
      "module": "module.vpc",
      "mode": "managed",
      "type": "aws_subnet",
      "name": "private",
      "provider": "provider[\"registry.terraform.io/hashicorp/aws\"]",
      "instances": [
        {
          "index_key": 0,
          "schema_version": 1,
          "attributes": {
            "arn": "arn:aws:ec2:us-west-2:025118453985:subnet/subnet-09f9abd3869edad56",
            "assign_ipv6_address_on_creation": false,
            "availability_zone": "us-west-2a",
            "availability_zone_id": "usw2-az2",
            "cidr_block": "10.0.40.0/22",
            "customer_owned_ipv4_pool": "",
            "enable_dns64": false,
            "enable_lni_at_device_index": 0,
            "enable_resource_name_dns_a_record_on_launch": false,
            "enable_resource_name_dns_aaaa_record_on_launch": false,
            "id": "subnet-09f9abd3869edad56",
            "ipv6_cidr_block": "",
            "ipv6_cidr_block_association_id": "",
            "ipv6_native": false,
            "map_customer_owned_ip_on_launch": false,
            "map_public_ip_on_launch": false,
            "outpost_arn": "",
            "owner_id": "025118453985",
            "private_dns_hostname_type_on_launch": "ip-name",
            "tags": {
              "Blueprint": "eks-jam-gitops",
              "GithubRepo": "github.com/aws-ia/terraform-aws-eks-blueprints",
              "Name": "eks-jam-gitops-private-us-west-2a",
              "kubernetes.io/role/internal-elb": "1"
            },
            "tags_all": {
              "Blueprint": "eks-jam-gitops",
              "GithubRepo": "github.com/aws-ia/terraform-aws-eks-blueprints",
              "Name": "eks-jam-gitops-private-us-west-2a",
              "kubernetes.io/role/internal-elb": "1"
            },
            "timeouts": null,
            "vpc_id": "vpc-0d2acf34e6676467f"
          },
          "sensitive_attributes": [],
          "private": "eyJlMmJmYjczMC1lY2FhLTExZTYtOGY4OC0zNDM2M2JjN2M0YzAiOnsiY3JlYXRlIjo2MDAwMDAwMDAwMDAsImRlbGV0ZSI6MTIwMDAwMDAwMDAwMH0sInNjaGVtYV92ZXJzaW9uIjoiMSJ9",
          "dependencies": [
            "data.aws_availability_zones.available",
            "module.vpc.aws_vpc.this",
            "module.vpc.aws_vpc_ipv4_cidr_block_association.this"
          ]
        },
        {
          "index_key": 1,
          "schema_version": 1,
          "attributes": {
            "arn": "arn:aws:ec2:us-west-2:025118453985:subnet/subnet-0cb05d8f519aaa190",
            "assign_ipv6_address_on_creation": false,
            "availability_zone": "us-west-2b",
            "availability_zone_id": "usw2-az1",
            "cidr_block": "10.0.44.0/22",
            "customer_owned_ipv4_pool": "",
            "enable_dns64": false,
            "enable_lni_at_device_index": 0,
            "enable_resource_name_dns_a_record_on_launch": false,
            "enable_resource_name_dns_aaaa_record_on_launch": false,
            "id": "subnet-0cb05d8f519aaa190",
            "ipv6_cidr_block": "",
            "ipv6_cidr_block_association_id": "",
            "ipv6_native": false,
            "map_customer_owned_ip_on_launch": false,
            "map_public_ip_on_launch": false,
            "outpost_arn": "",
            "owner_id": "025118453985",
            "private_dns_hostname_type_on_launch": "ip-name",
            "tags": {
              "Blueprint": "eks-jam-gitops",
              "GithubRepo": "github.com/aws-ia/terraform-aws-eks-blueprints",
              "Name": "eks-jam-gitops-private-us-west-2b",
              "kubernetes.io/role/internal-elb": "1"
            },
            "tags_all": {
              "Blueprint": "eks-jam-gitops",
              "GithubRepo": "github.com/aws-ia/terraform-aws-eks-blueprints",
              "Name": "eks-jam-gitops-private-us-west-2b",
              "kubernetes.io/role/internal-elb": "1"
            },
            "timeouts": null,
            "vpc_id": "vpc-0d2acf34e6676467f"
          },
          "sensitive_attributes": [],
          "private": "eyJlMmJmYjczMC1lY2FhLTExZTYtOGY4OC0zNDM2M2JjN2M0YzAiOnsiY3JlYXRlIjo2MDAwMDAwMDAwMDAsImRlbGV0ZSI6MTIwMDAwMDAwMDAwMH0sInNjaGVtYV92ZXJzaW9uIjoiMSJ9",
          "dependencies": [
            "data.aws_availability_zones.available",
            "module.vpc.aws_vpc.this",
            "module.vpc.aws_vpc_ipv4_cidr_block_association.this"
          ]
        },
        {
          "index_key": 2,
          "schema_version": 1,
          "attributes": {
            "arn": "arn:aws:ec2:us-west-2:025118453985:subnet/subnet-009247e59c53bbe52",
            "assign_ipv6_address_on_creation": false,
            "availability_zone": "us-west-2c",
            "availability_zone_id": "usw2-az3",
            "cidr_block": "10.0.48.0/22",
            "customer_owned_ipv4_pool": "",
            "enable_dns64": false,
            "enable_lni_at_device_index": 0,
            "enable_resource_name_dns_a_record_on_launch": false,
            "enable_resource_name_dns_aaaa_record_on_launch": false,
            "id": "subnet-009247e59c53bbe52",
            "ipv6_cidr_block": "",
            "ipv6_cidr_block_association_id": "",
            "ipv6_native": false,
            "map_customer_owned_ip_on_launch": false,
            "map_public_ip_on_launch": false,
            "outpost_arn": "",
            "owner_id": "025118453985",
            "private_dns_hostname_type_on_launch": "ip-name",
            "tags": {
              "Blueprint": "eks-jam-gitops",
              "GithubRepo": "github.com/aws-ia/terraform-aws-eks-blueprints",
              "Name": "eks-jam-gitops-private-us-west-2c",
              "kubernetes.io/role/internal-elb": "1"
            },
            "tags_all": {
              "Blueprint": "eks-jam-gitops",
              "GithubRepo": "github.com/aws-ia/terraform-aws-eks-blueprints",
              "Name": "eks-jam-gitops-private-us-west-2c",
              "kubernetes.io/role/internal-elb": "1"
            },
            "timeouts": null,
            "vpc_id": "vpc-0d2acf34e6676467f"
          },
          "sensitive_attributes": [],
          "private": "eyJlMmJmYjczMC1lY2FhLTExZTYtOGY4OC0zNDM2M2JjN2M0YzAiOnsiY3JlYXRlIjo2MDAwMDAwMDAwMDAsImRlbGV0ZSI6MTIwMDAwMDAwMDAwMH0sInNjaGVtYV92ZXJzaW9uIjoiMSJ9",
          "dependencies": [
            "data.aws_availability_zones.available",
            "module.vpc.aws_vpc.this",
            "module.vpc.aws_vpc_ipv4_cidr_block_association.this"
          ]
        }
      ]
    },
    {
      "module": "module.vpc",
      "mode": "managed",
      "type": "aws_subnet",
      "name": "public",
      "provider": "provider[\"registry.terraform.io/hashicorp/aws\"]",
      "instances": [
        {
          "index_key": 0,
          "schema_version": 1,
          "attributes": {
            "arn": "arn:aws:ec2:us-west-2:025118453985:subnet/subnet-00059a20d67d5e08e",
            "assign_ipv6_address_on_creation": false,
            "availability_zone": "us-west-2a",
            "availability_zone_id": "usw2-az2",
            "cidr_block": "10.0.0.0/22",
            "customer_owned_ipv4_pool": "",
            "enable_dns64": false,
            "enable_lni_at_device_index": 0,
            "enable_resource_name_dns_a_record_on_launch": false,
            "enable_resource_name_dns_aaaa_record_on_launch": false,
            "id": "subnet-00059a20d67d5e08e",
            "ipv6_cidr_block": "",
            "ipv6_cidr_block_association_id": "",
            "ipv6_native": false,
            "map_customer_owned_ip_on_launch": false,
            "map_public_ip_on_launch": false,
            "outpost_arn": "",
            "owner_id": "025118453985",
            "private_dns_hostname_type_on_launch": "ip-name",
            "tags": {
              "Blueprint": "eks-jam-gitops",
              "GithubRepo": "github.com/aws-ia/terraform-aws-eks-blueprints",
              "Name": "eks-jam-gitops-public-us-west-2a",
              "kubernetes.io/role/elb": "1"
            },
            "tags_all": {
              "Blueprint": "eks-jam-gitops",
              "GithubRepo": "github.com/aws-ia/terraform-aws-eks-blueprints",
              "Name": "eks-jam-gitops-public-us-west-2a",
              "kubernetes.io/role/elb": "1"
            },
            "timeouts": null,
            "vpc_id": "vpc-0d2acf34e6676467f"
          },
          "sensitive_attributes": [],
          "private": "eyJlMmJmYjczMC1lY2FhLTExZTYtOGY4OC0zNDM2M2JjN2M0YzAiOnsiY3JlYXRlIjo2MDAwMDAwMDAwMDAsImRlbGV0ZSI6MTIwMDAwMDAwMDAwMH0sInNjaGVtYV92ZXJzaW9uIjoiMSJ9",
          "dependencies": [
            "data.aws_availability_zones.available",
            "module.vpc.aws_vpc.this",
            "module.vpc.aws_vpc_ipv4_cidr_block_association.this"
          ]
        },
        {
          "index_key": 1,
          "schema_version": 1,
          "attributes": {
            "arn": "arn:aws:ec2:us-west-2:025118453985:subnet/subnet-03ecbf8e85a3f8d45",
            "assign_ipv6_address_on_creation": false,
            "availability_zone": "us-west-2b",
            "availability_zone_id": "usw2-az1",
            "cidr_block": "10.0.4.0/22",
            "customer_owned_ipv4_pool": "",
            "enable_dns64": false,
            "enable_lni_at_device_index": 0,
            "enable_resource_name_dns_a_record_on_launch": false,
            "enable_resource_name_dns_aaaa_record_on_launch": false,
            "id": "subnet-03ecbf8e85a3f8d45",
            "ipv6_cidr_block": "",
            "ipv6_cidr_block_association_id": "",
            "ipv6_native": false,
            "map_customer_owned_ip_on_launch": false,
            "map_public_ip_on_launch": false,
            "outpost_arn": "",
            "owner_id": "025118453985",
            "private_dns_hostname_type_on_launch": "ip-name",
            "tags": {
              "Blueprint": "eks-jam-gitops",
              "GithubRepo": "github.com/aws-ia/terraform-aws-eks-blueprints",
              "Name": "eks-jam-gitops-public-us-west-2b",
              "kubernetes.io/role/elb": "1"
            },
            "tags_all": {
              "Blueprint": "eks-jam-gitops",
              "GithubRepo": "github.com/aws-ia/terraform-aws-eks-blueprints",
              "Name": "eks-jam-gitops-public-us-west-2b",
              "kubernetes.io/role/elb": "1"
            },
            "timeouts": null,
            "vpc_id": "vpc-0d2acf34e6676467f"
          },
          "sensitive_attributes": [],
          "private": "eyJlMmJmYjczMC1lY2FhLTExZTYtOGY4OC0zNDM2M2JjN2M0YzAiOnsiY3JlYXRlIjo2MDAwMDAwMDAwMDAsImRlbGV0ZSI6MTIwMDAwMDAwMDAwMH0sInNjaGVtYV92ZXJzaW9uIjoiMSJ9",
          "dependencies": [
            "data.aws_availability_zones.available",
            "module.vpc.aws_vpc.this",
            "module.vpc.aws_vpc_ipv4_cidr_block_association.this"
          ]
        },
        {
          "index_key": 2,
          "schema_version": 1,
          "attributes": {
            "arn": "arn:aws:ec2:us-west-2:025118453985:subnet/subnet-0526ac314c0e5f03a",
            "assign_ipv6_address_on_creation": false,
            "availability_zone": "us-west-2c",
            "availability_zone_id": "usw2-az3",
            "cidr_block": "10.0.8.0/22",
            "customer_owned_ipv4_pool": "",
            "enable_dns64": false,
            "enable_lni_at_device_index": 0,
            "enable_resource_name_dns_a_record_on_launch": false,
            "enable_resource_name_dns_aaaa_record_on_launch": false,
            "id": "subnet-0526ac314c0e5f03a",
            "ipv6_cidr_block": "",
            "ipv6_cidr_block_association_id": "",
            "ipv6_native": false,
            "map_customer_owned_ip_on_launch": false,
            "map_public_ip_on_launch": false,
            "outpost_arn": "",
            "owner_id": "025118453985",
            "private_dns_hostname_type_on_launch": "ip-name",
            "tags": {
              "Blueprint": "eks-jam-gitops",
              "GithubRepo": "github.com/aws-ia/terraform-aws-eks-blueprints",
              "Name": "eks-jam-gitops-public-us-west-2c",
              "kubernetes.io/role/elb": "1"
            },
            "tags_all": {
              "Blueprint": "eks-jam-gitops",
              "GithubRepo": "github.com/aws-ia/terraform-aws-eks-blueprints",
              "Name": "eks-jam-gitops-public-us-west-2c",
              "kubernetes.io/role/elb": "1"
            },
            "timeouts": null,
            "vpc_id": "vpc-0d2acf34e6676467f"
          },
          "sensitive_attributes": [],
          "private": "eyJlMmJmYjczMC1lY2FhLTExZTYtOGY4OC0zNDM2M2JjN2M0YzAiOnsiY3JlYXRlIjo2MDAwMDAwMDAwMDAsImRlbGV0ZSI6MTIwMDAwMDAwMDAwMH0sInNjaGVtYV92ZXJzaW9uIjoiMSJ9",
          "dependencies": [
            "data.aws_availability_zones.available",
            "module.vpc.aws_vpc.this",
            "module.vpc.aws_vpc_ipv4_cidr_block_association.this"
          ]
        }
      ]
    },
    {
      "module": "module.vpc",
      "mode": "managed",
      "type": "aws_vpc",
      "name": "this",
      "provider": "provider[\"registry.terraform.io/hashicorp/aws\"]",
      "instances": [
        {
          "index_key": 0,
          "schema_version": 1,
          "attributes": {
            "arn": "arn:aws:ec2:us-west-2:025118453985:vpc/vpc-0d2acf34e6676467f",
            "assign_generated_ipv6_cidr_block": false,
            "cidr_block": "10.0.0.0/16",
            "default_network_acl_id": "acl-00f570dd258f9d623",
            "default_route_table_id": "rtb-050ae8e9a8002a998",
            "default_security_group_id": "sg-0c48d4561a2a07e20",
            "dhcp_options_id": "dopt-000ee9e4d3c9a3f92",
            "enable_dns_hostnames": true,
            "enable_dns_support": true,
            "enable_network_address_usage_metrics": false,
            "id": "vpc-0d2acf34e6676467f",
            "instance_tenancy": "default",
            "ipv4_ipam_pool_id": null,
            "ipv4_netmask_length": null,
            "ipv6_association_id": "",
            "ipv6_cidr_block": "",
            "ipv6_cidr_block_network_border_group": "",
            "ipv6_ipam_pool_id": "",
            "ipv6_netmask_length": 0,
            "main_route_table_id": "rtb-050ae8e9a8002a998",
            "owner_id": "025118453985",
            "tags": {
              "Blueprint": "eks-jam-gitops",
              "GithubRepo": "github.com/aws-ia/terraform-aws-eks-blueprints",
              "Name": "eks-jam-gitops"
            },
            "tags_all": {
              "Blueprint": "eks-jam-gitops",
              "GithubRepo": "github.com/aws-ia/terraform-aws-eks-blueprints",
              "Name": "eks-jam-gitops"
            }
          },
          "sensitive_attributes": [],
          "private": "eyJzY2hlbWFfdmVyc2lvbiI6IjEifQ=="
        }
      ]
    }
  ],
  "check_results": null
}
